// !$*UTF8*$!
{
	archiveVersion = 1;
	classes = {
	};
	objectVersion = 47;
	objects = {

/* Begin PBXBuildFile section */
		55EC22FE1B5DA3F800AD9D28 /* main.c in Sources */ = {isa = PBXBuildFile; fileRef = 55CF728E157E4400006A2F3F /* main.c */; };
		55EC22FF1B5DA3F800AD9D28 /* test.c in Sources */ = {isa = PBXBuildFile; fileRef = 55CF7291157E4400006A2F3F /* test.c */; };
		55EC23001B5DA42000AD9D28 /* memento.c in Sources */ = {isa = PBXBuildFile; fileRef = 55CF7246157E41E7006A2F3F /* memento.c */; };
		55EC23011B5DA42000AD9D28 /* bstree.c in Sources */ = {isa = PBXBuildFile; fileRef = 55CF70D9157E40FD006A2F3F /* bstree.c */; };
		55EC23021B5DA42000AD9D28 /* critbit.c in Sources */ = {isa = PBXBuildFile; fileRef = 55CF70DD157E40FD006A2F3F /* critbit.c */; };
		55EC23031B5DA42000AD9D28 /* dstree.c in Sources */ = {isa = PBXBuildFile; fileRef = 55CF70E1157E40FD006A2F3F /* dstree.c */; };
		55EC23041B5DA42000AD9D28 /* hash.c in Sources */ = {isa = PBXBuildFile; fileRef = 55CF70E5157E40FD006A2F3F /* hash.c */; };
		55EC23051B5DA42000AD9D28 /* linkedlist.c in Sources */ = {isa = PBXBuildFile; fileRef = 55CF70E9157E40FD006A2F3F /* linkedlist.c */; };
		55EC23061B5DA42000AD9D28 /* orderedarray.c in Sources */ = {isa = PBXBuildFile; fileRef = 55CF70ED157E40FD006A2F3F /* orderedarray.c */; };
		55EC23071B5DA42000AD9D28 /* patricia.c in Sources */ = {isa = PBXBuildFile; fileRef = 55CF70F1157E40FD006A2F3F /* patricia.c */; };
		55EC23081B5DA42000AD9D28 /* trie.c in Sources */ = {isa = PBXBuildFile; fileRef = 55CF70F5157E40FD006A2F3F /* trie.c */; };
		55EC23791B5DA42100AD9D28 /* count.c in Sources */ = {isa = PBXBuildFile; fileRef = 55DB366D15AB283C00BA15DD /* count.c */; };
		55EC237A1B5DA42100AD9D28 /* destroy.c in Sources */ = {isa = PBXBuildFile; fileRef = 55DB366E15AB283C00BA15DD /* destroy.c */; };
		55EC237B1B5DA42100AD9D28 /* lookup.c in Sources */ = {isa = PBXBuildFile; fileRef = 55DB366F15AB283C00BA15DD /* lookup.c */; };
		55EC237C1B5DA42200AD9D28 /* lookup-prefix.c in Sources */ = {isa = PBXBuildFile; fileRef = 55DB367015AB283C00BA15DD /* lookup-prefix.c */; };
		55EC237D1B5DA42200AD9D28 /* node-create.c in Sources */ = {isa = PBXBuildFile; fileRef = 55DB367115AB283C00BA15DD /* node-create.c */; };
		55EC237E1B5DA42200AD9D28 /* walk-internal.c in Sources */ = {isa = PBXBuildFile; fileRef = 55DB367215AB283C00BA15DD /* walk-internal.c */; };
		55EC237F1B5DA42200AD9D28 /* node-clear.c in Sources */ = {isa = PBXBuildFile; fileRef = 55DB367315AB283C00BA15DD /* node-clear.c */; };
		55EC23801B5DA42200AD9D28 /* node-destroy.c in Sources */ = {isa = PBXBuildFile; fileRef = 55DB367415AB283C00BA15DD /* node-destroy.c */; };
		55EC23811B5DA42200AD9D28 /* insert.c in Sources */ = {isa = PBXBuildFile; fileRef = 55DB367515AB283C00BA15DD /* insert.c */; };
		55EC23821B5DA42200AD9D28 /* remove.c in Sources */ = {isa = PBXBuildFile; fileRef = 55DB367615AB283C00BA15DD /* remove.c */; };
		55EC23831B5DA42200AD9D28 /* breadthwalk-internal.c in Sources */ = {isa = PBXBuildFile; fileRef = 55DB367715AB283C00BA15DD /* breadthwalk-internal.c */; };
		55EC23841B5DA42200AD9D28 /* show-viz.c in Sources */ = {isa = PBXBuildFile; fileRef = 55DB367815AB283C00BA15DD /* show-viz.c */; };
		55EC23851B5DA42200AD9D28 /* create.c in Sources */ = {isa = PBXBuildFile; fileRef = 55DB367915AB283C00BA15DD /* create.c */; };
		55EC23871B5DA42200AD9D28 /* select.c in Sources */ = {isa = PBXBuildFile; fileRef = 55CF717A157E40FD006A2F3F /* select.c */; };
		55EC23881B5DA42200AD9D28 /* show.c in Sources */ = {isa = PBXBuildFile; fileRef = 55CF717D157E40FD006A2F3F /* show.c */; };
		55EC23891B5DA42200AD9D28 /* walk.c in Sources */ = {isa = PBXBuildFile; fileRef = 55CF7183157E40FD006A2F3F /* walk.c */; };
		55EC238A1B5DA42200AD9D28 /* char.c in Sources */ = {isa = PBXBuildFile; fileRef = 55CF7187157E40FD006A2F3F /* char.c */; };
		55EC238B1B5DA42200AD9D28 /* common.c in Sources */ = {isa = PBXBuildFile; fileRef = 55CF718A157E40FD006A2F3F /* common.c */; };
		55EC238C1B5DA42200AD9D28 /* int.c in Sources */ = {isa = PBXBuildFile; fileRef = 55CF718D157E40FD006A2F3F /* int.c */; };
		55EC238D1B5DA42200AD9D28 /* string.c in Sources */ = {isa = PBXBuildFile; fileRef = 55CF7190157E40FD006A2F3F /* string.c */; };
		55EC23901B5DA70400AD9D28 /* libContainersLib.a in Frameworks */ = {isa = PBXBuildFile; fileRef = 55EC22F81B5DA3A900AD9D28 /* libContainersLib.a */; };
		55EC23911B5DA71200AD9D28 /* test.c in Sources */ = {isa = PBXBuildFile; fileRef = 55CF7175157E40FD006A2F3F /* test.c */; };
		55EC239C1B5DBF4700AD9D28 /* libAssociativesLib.a in Frameworks */ = {isa = PBXBuildFile; fileRef = 55EC23961B5DBF3B00AD9D28 /* libAssociativesLib.a */; };
		55EC239D1B5DBFE400AD9D28 /* count.c in Sources */ = {isa = PBXBuildFile; fileRef = 55DB370A15AB28A600BA15DD /* count.c */; };
		55EC239E1B5DBFE400AD9D28 /* create.c in Sources */ = {isa = PBXBuildFile; fileRef = 55DB370B15AB28A600BA15DD /* create.c */; };
		55EC239F1B5DBFE400AD9D28 /* destroy.c in Sources */ = {isa = PBXBuildFile; fileRef = 55DB370C15AB28A600BA15DD /* destroy.c */; };
		55EC23A01B5DBFE400AD9D28 /* insert.c in Sources */ = {isa = PBXBuildFile; fileRef = 55DB370D15AB28A600BA15DD /* insert.c */; };
		55EC23A11B5DBFE400AD9D28 /* lookup-prefix.c in Sources */ = {isa = PBXBuildFile; fileRef = 55DB370E15AB28A600BA15DD /* lookup-prefix.c */; };
		55EC23A21B5DBFE400AD9D28 /* lookup.c in Sources */ = {isa = PBXBuildFile; fileRef = 55DB370F15AB28A600BA15DD /* lookup.c */; };
		55EC23A31B5DBFE400AD9D28 /* node-create.c in Sources */ = {isa = PBXBuildFile; fileRef = 55DB371015AB28A600BA15DD /* node-create.c */; };
		55EC23A41B5DBFE400AD9D28 /* node-destroy.c in Sources */ = {isa = PBXBuildFile; fileRef = 55DB371115AB28A600BA15DD /* node-destroy.c */; };
		55EC23A51B5DBFE400AD9D28 /* remove.c in Sources */ = {isa = PBXBuildFile; fileRef = 55DB371215AB28A600BA15DD /* remove.c */; };
		55EC23A61B5DBFE400AD9D28 /* show-viz.c in Sources */ = {isa = PBXBuildFile; fileRef = 55DB371315AB28A600BA15DD /* show-viz.c */; };
		55EC23A71B5DBFE400AD9D28 /* walk-internal.c in Sources */ = {isa = PBXBuildFile; fileRef = 55DB371415AB28A600BA15DD /* walk-internal.c */; };
		55EC23A91B5DBFE400AD9D28 /* select.c in Sources */ = {isa = PBXBuildFile; fileRef = 55CF70FE157E40FD006A2F3F /* select.c */; };
		55EC23AA1B5DBFE400AD9D28 /* show.c in Sources */ = {isa = PBXBuildFile; fileRef = 55CF7101157E40FD006A2F3F /* show.c */; };
		55EC23AB1B5DBFE400AD9D28 /* walk.c in Sources */ = {isa = PBXBuildFile; fileRef = 55CF7104157E40FD006A2F3F /* walk.c */; };
		55EC23AD1B5DC00600AD9D28 /* count.c in Sources */ = {isa = PBXBuildFile; fileRef = 55DB368815AB285000BA15DD /* count.c */; };
		55EC23AE1B5DC00600AD9D28 /* create.c in Sources */ = {isa = PBXBuildFile; fileRef = 55DB368915AB285000BA15DD /* create.c */; };
		55EC23AF1B5DC00600AD9D28 /* dequeue.c in Sources */ = {isa = PBXBuildFile; fileRef = 55DB368A15AB285000BA15DD /* dequeue.c */; };
		55EC23B01B5DC00600AD9D28 /* destroy.c in Sources */ = {isa = PBXBuildFile; fileRef = 55DB368B15AB285000BA15DD /* destroy.c */; };
		55EC23B11B5DC00600AD9D28 /* empty.c in Sources */ = {isa = PBXBuildFile; fileRef = 55DB368C15AB285000BA15DD /* empty.c */; };
		55EC23B21B5DC00600AD9D28 /* enqueue.c in Sources */ = {isa = PBXBuildFile; fileRef = 55DB368D15AB285000BA15DD /* enqueue.c */; };
		55EC23B31B5DC00600AD9D28 /* full.c in Sources */ = {isa = PBXBuildFile; fileRef = 55DB368E15AB285000BA15DD /* full.c */; };
		55EC23B51B5DC00C00AD9D28 /* count.c in Sources */ = {isa = PBXBuildFile; fileRef = 55DB369615AB286200BA15DD /* count.c */; };
		55EC23B61B5DC00C00AD9D28 /* create.c in Sources */ = {isa = PBXBuildFile; fileRef = 55DB369715AB286200BA15DD /* create.c */; };
		55EC23B71B5DC00C00AD9D28 /* destroy.c in Sources */ = {isa = PBXBuildFile; fileRef = 55DB369815AB286200BA15DD /* destroy.c */; };
		55EC23B81B5DC00C00AD9D28 /* insert.c in Sources */ = {isa = PBXBuildFile; fileRef = 55DB369915AB286200BA15DD /* insert.c */; };
		55EC23B91B5DC00C00AD9D28 /* lookup-prefix.c in Sources */ = {isa = PBXBuildFile; fileRef = 55DB369A15AB286200BA15DD /* lookup-prefix.c */; };
		55EC23BA1B5DC00C00AD9D28 /* lookup.c in Sources */ = {isa = PBXBuildFile; fileRef = 55DB369B15AB286200BA15DD /* lookup.c */; };
		55EC23BB1B5DC00C00AD9D28 /* node-clear.c in Sources */ = {isa = PBXBuildFile; fileRef = 55DB369C15AB286200BA15DD /* node-clear.c */; };
		55EC23BC1B5DC00C00AD9D28 /* node-create.c in Sources */ = {isa = PBXBuildFile; fileRef = 55DB369D15AB286200BA15DD /* node-create.c */; };
		55EC23BD1B5DC00C00AD9D28 /* node-destroy.c in Sources */ = {isa = PBXBuildFile; fileRef = 55DB369E15AB286200BA15DD /* node-destroy.c */; };
		55EC23BE1B5DC00C00AD9D28 /* remove.c in Sources */ = {isa = PBXBuildFile; fileRef = 55DB369F15AB286200BA15DD /* remove.c */; };
		55EC23BF1B5DC00C00AD9D28 /* show-viz.c in Sources */ = {isa = PBXBuildFile; fileRef = 55DB36A015AB286200BA15DD /* show-viz.c */; };
		55EC23C01B5DC00C00AD9D28 /* walk-internal.c in Sources */ = {isa = PBXBuildFile; fileRef = 55DB36A115AB286200BA15DD /* walk-internal.c */; };
		55EC23C21B5DC00C00AD9D28 /* select.c in Sources */ = {isa = PBXBuildFile; fileRef = 55CF7167157E40FD006A2F3F /* select.c */; };
		55EC23C31B5DC00C00AD9D28 /* show.c in Sources */ = {isa = PBXBuildFile; fileRef = 55CF716A157E40FD006A2F3F /* show.c */; };
		55EC23C41B5DC00C00AD9D28 /* walk.c in Sources */ = {isa = PBXBuildFile; fileRef = 55CF716D157E40FD006A2F3F /* walk.c */; };
		55EC23C51B5DC02300AD9D28 /* count.c in Sources */ = {isa = PBXBuildFile; fileRef = 55CF7124157E40FD006A2F3F /* count.c */; };
		55EC23C61B5DC02300AD9D28 /* create.c in Sources */ = {isa = PBXBuildFile; fileRef = 55CF7127157E40FD006A2F3F /* create.c */; };
		55EC23C71B5DC02300AD9D28 /* destroy.c in Sources */ = {isa = PBXBuildFile; fileRef = 55CF712A157E40FD006A2F3F /* destroy.c */; };
		55EC23C81B5DC02300AD9D28 /* insert.c in Sources */ = {isa = PBXBuildFile; fileRef = 55CF712E157E40FD006A2F3F /* insert.c */; };
		55EC23C91B5DC02300AD9D28 /* lookup-node.c in Sources */ = {isa = PBXBuildFile; fileRef = 55CF7131157E40FD006A2F3F /* lookup-node.c */; };
		55EC23CA1B5DC02300AD9D28 /* lookup.c in Sources */ = {isa = PBXBuildFile; fileRef = 55CF7134157E40FD006A2F3F /* lookup.c */; };
		55EC23CB1B5DC02300AD9D28 /* remove.c in Sources */ = {isa = PBXBuildFile; fileRef = 55CF7137157E40FD006A2F3F /* remove.c */; };
		55EC23CC1B5DC02300AD9D28 /* show.c in Sources */ = {isa = PBXBuildFile; fileRef = 55CF713A157E40FD006A2F3F /* show.c */; };
		55EC23CD1B5DC02300AD9D28 /* walk-cont.c in Sources */ = {isa = PBXBuildFile; fileRef = 55CF713D157E40FD006A2F3F /* walk-cont.c */; };
		55EC23CE1B5DC02300AD9D28 /* walk-internal.c in Sources */ = {isa = PBXBuildFile; fileRef = 55CF7140157E40FD006A2F3F /* walk-internal.c */; };
		55EC23CF1B5DC02300AD9D28 /* walk.c in Sources */ = {isa = PBXBuildFile; fileRef = 55CF7143157E40FD006A2F3F /* walk.c */; };
		55EC23D01B5DC02300AD9D28 /* count.c in Sources */ = {isa = PBXBuildFile; fileRef = 55DB36C015AB287B00BA15DD /* count.c */; };
		55EC23D11B5DC02300AD9D28 /* create.c in Sources */ = {isa = PBXBuildFile; fileRef = 55DB36C115AB287B00BA15DD /* create.c */; };
		55EC23D21B5DC02300AD9D28 /* destroy.c in Sources */ = {isa = PBXBuildFile; fileRef = 55DB36C215AB287B00BA15DD /* destroy.c */; };
		55EC23D31B5DC02300AD9D28 /* insert.c in Sources */ = {isa = PBXBuildFile; fileRef = 55DB36C315AB287B00BA15DD /* insert.c */; };
		55EC23D41B5DC02300AD9D28 /* lookup-prefix.c in Sources */ = {isa = PBXBuildFile; fileRef = 55DB36C415AB287B00BA15DD /* lookup-prefix.c */; };
		55EC23D51B5DC02300AD9D28 /* lookup.c in Sources */ = {isa = PBXBuildFile; fileRef = 55DB36C515AB287B00BA15DD /* lookup.c */; };
		55EC23D61B5DC02300AD9D28 /* node-create.c in Sources */ = {isa = PBXBuildFile; fileRef = 55DB36C615AB287B00BA15DD /* node-create.c */; };
		55EC23D71B5DC02300AD9D28 /* node-destroy.c in Sources */ = {isa = PBXBuildFile; fileRef = 55DB36C715AB287B00BA15DD /* node-destroy.c */; };
		55EC23D81B5DC02300AD9D28 /* remove.c in Sources */ = {isa = PBXBuildFile; fileRef = 55DB36C815AB287B00BA15DD /* remove.c */; };
		55EC23D91B5DC02300AD9D28 /* walk-internal.c in Sources */ = {isa = PBXBuildFile; fileRef = 55DB36C915AB287B00BA15DD /* walk-internal.c */; };
		55EC23DA1B5DC02300AD9D28 /* select.c in Sources */ = {isa = PBXBuildFile; fileRef = 55CF714B157E40FD006A2F3F /* select.c */; };
		55EC23DB1B5DC02300AD9D28 /* show.c in Sources */ = {isa = PBXBuildFile; fileRef = 55CF714E157E40FD006A2F3F /* show.c */; };
		55EC23DC1B5DC02300AD9D28 /* walk.c in Sources */ = {isa = PBXBuildFile; fileRef = 55CF7151157E40FD006A2F3F /* walk.c */; };
		55EC23DD1B5DC02300AD9D28 /* count.c in Sources */ = {isa = PBXBuildFile; fileRef = 55DB36AE15AB286F00BA15DD /* count.c */; };
		55EC23DE1B5DC02300AD9D28 /* create.c in Sources */ = {isa = PBXBuildFile; fileRef = 55DB36AF15AB286F00BA15DD /* create.c */; };
		55EC23DF1B5DC02300AD9D28 /* destroy.c in Sources */ = {isa = PBXBuildFile; fileRef = 55DB36B015AB286F00BA15DD /* destroy.c */; };
		55EC23E01B5DC02300AD9D28 /* insert.c in Sources */ = {isa = PBXBuildFile; fileRef = 55DB36B115AB286F00BA15DD /* insert.c */; };
		55EC23E11B5DC02300AD9D28 /* lookup-prefix.c in Sources */ = {isa = PBXBuildFile; fileRef = 55DB36B215AB286F00BA15DD /* lookup-prefix.c */; };
		55EC23E21B5DC02300AD9D28 /* lookup.c in Sources */ = {isa = PBXBuildFile; fileRef = 55DB36B315AB286F00BA15DD /* lookup.c */; };
		55EC23E31B5DC02300AD9D28 /* node-destroy.c in Sources */ = {isa = PBXBuildFile; fileRef = 55DB36B415AB286F00BA15DD /* node-destroy.c */; };
		55EC23E41B5DC02300AD9D28 /* remove.c in Sources */ = {isa = PBXBuildFile; fileRef = 55DB36B515AB286F00BA15DD /* remove.c */; };
		55EC23E51B5DC02300AD9D28 /* walk-internal.c in Sources */ = {isa = PBXBuildFile; fileRef = 55DB36B615AB286F00BA15DD /* walk-internal.c */; };
		55EC23E61B5DC02300AD9D28 /* select.c in Sources */ = {isa = PBXBuildFile; fileRef = 55CF7159157E40FD006A2F3F /* select.c */; };
		55EC23E71B5DC02300AD9D28 /* show.c in Sources */ = {isa = PBXBuildFile; fileRef = 55CF715C157E40FD006A2F3F /* show.c */; };
		55EC23E81B5DC02300AD9D28 /* walk.c in Sources */ = {isa = PBXBuildFile; fileRef = 55CF715F157E40FD006A2F3F /* walk.c */; };
		55EC23E91B5DC02D00AD9D28 /* breadthwalk-internal.c in Sources */ = {isa = PBXBuildFile; fileRef = 55DB36D415AB288B00BA15DD /* breadthwalk-internal.c */; };
		55EC23EA1B5DC02D00AD9D28 /* count.c in Sources */ = {isa = PBXBuildFile; fileRef = 55DB36D515AB288B00BA15DD /* count.c */; };
		55EC23EB1B5DC02D00AD9D28 /* create.c in Sources */ = {isa = PBXBuildFile; fileRef = 55DB36D615AB288B00BA15DD /* create.c */; };
		55EC23EC1B5DC02D00AD9D28 /* destroy.c in Sources */ = {isa = PBXBuildFile; fileRef = 55DB36D715AB288B00BA15DD /* destroy.c */; };
		55EC23ED1B5DC02D00AD9D28 /* insert.c in Sources */ = {isa = PBXBuildFile; fileRef = 55DB36D815AB288B00BA15DD /* insert.c */; };
		55EC23EE1B5DC02D00AD9D28 /* lookup-prefix.c in Sources */ = {isa = PBXBuildFile; fileRef = 55DB36D915AB288B00BA15DD /* lookup-prefix.c */; };
		55EC23EF1B5DC02D00AD9D28 /* lookup.c in Sources */ = {isa = PBXBuildFile; fileRef = 55DB36DA15AB288B00BA15DD /* lookup.c */; };
		55EC23F01B5DC02D00AD9D28 /* node-clear.c in Sources */ = {isa = PBXBuildFile; fileRef = 55DB36DB15AB288B00BA15DD /* node-clear.c */; };
		55EC23F11B5DC02D00AD9D28 /* node-create.c in Sources */ = {isa = PBXBuildFile; fileRef = 55DB36DC15AB288B00BA15DD /* node-create.c */; };
		55EC23F21B5DC02D00AD9D28 /* node-destroy.c in Sources */ = {isa = PBXBuildFile; fileRef = 55DB36DD15AB288B00BA15DD /* node-destroy.c */; };
		55EC23F31B5DC02D00AD9D28 /* remove.c in Sources */ = {isa = PBXBuildFile; fileRef = 55DB36DE15AB288B00BA15DD /* remove.c */; };
		55EC23F41B5DC02D00AD9D28 /* remove2.c in Sources */ = {isa = PBXBuildFile; fileRef = 55DB36DF15AB288B00BA15DD /* remove2.c */; };
		55EC23F51B5DC02D00AD9D28 /* show-viz.c in Sources */ = {isa = PBXBuildFile; fileRef = 55DB36E015AB288B00BA15DD /* show-viz.c */; };
		55EC23F61B5DC02D00AD9D28 /* walk-internal.c in Sources */ = {isa = PBXBuildFile; fileRef = 55DB36E115AB288B00BA15DD /* walk-internal.c */; };
		55EC23F71B5DC02D00AD9D28 /* select.c in Sources */ = {isa = PBXBuildFile; fileRef = 55CF711A157E40FD006A2F3F /* select.c */; };
		55EC23F81B5DC02D00AD9D28 /* show.c in Sources */ = {isa = PBXBuildFile; fileRef = 55CF711D157E40FD006A2F3F /* show.c */; };
		55EC23F91B5DC02D00AD9D28 /* walk.c in Sources */ = {isa = PBXBuildFile; fileRef = 55CF7120157E40FD006A2F3F /* walk.c */; };
		55EC23FA1B5DC03300AD9D28 /* count.c in Sources */ = {isa = PBXBuildFile; fileRef = 55DB36F015AB289700BA15DD /* count.c */; };
		55EC23FB1B5DC03300AD9D28 /* create.c in Sources */ = {isa = PBXBuildFile; fileRef = 55DB36F115AB289700BA15DD /* create.c */; };
		55EC23FC1B5DC03300AD9D28 /* destroy.c in Sources */ = {isa = PBXBuildFile; fileRef = 55DB36F215AB289700BA15DD /* destroy.c */; };
		55EC23FD1B5DC03300AD9D28 /* extnode-create.c in Sources */ = {isa = PBXBuildFile; fileRef = 55DB36F315AB289700BA15DD /* extnode-create.c */; };
		55EC23FE1B5DC03300AD9D28 /* extnode-destroy.c in Sources */ = {isa = PBXBuildFile; fileRef = 55DB36F415AB289700BA15DD /* extnode-destroy.c */; };
		55EC23FF1B5DC03300AD9D28 /* insert.c in Sources */ = {isa = PBXBuildFile; fileRef = 55DB36F515AB289700BA15DD /* insert.c */; };
		55EC24001B5DC03300AD9D28 /* lookup-prefix.c in Sources */ = {isa = PBXBuildFile; fileRef = 55DB36F615AB289700BA15DD /* lookup-prefix.c */; };
		55EC24011B5DC03300AD9D28 /* lookup.c in Sources */ = {isa = PBXBuildFile; fileRef = 55DB36F715AB289700BA15DD /* lookup.c */; };
		55EC24021B5DC03300AD9D28 /* node-create.c in Sources */ = {isa = PBXBuildFile; fileRef = 55DB36F815AB289700BA15DD /* node-create.c */; };
		55EC24031B5DC03300AD9D28 /* node-destroy.c in Sources */ = {isa = PBXBuildFile; fileRef = 55DB36F915AB289700BA15DD /* node-destroy.c */; };
		55EC24041B5DC03300AD9D28 /* remove.c in Sources */ = {isa = PBXBuildFile; fileRef = 55DB36FA15AB289700BA15DD /* remove.c */; };
		55EC24051B5DC03300AD9D28 /* show-viz.c in Sources */ = {isa = PBXBuildFile; fileRef = 55DB36FB15AB289700BA15DD /* show-viz.c */; };
		55EC24061B5DC03300AD9D28 /* walk-internal.c in Sources */ = {isa = PBXBuildFile; fileRef = 55DB36FC15AB289700BA15DD /* walk-internal.c */; };
		55EC24071B5DC03300AD9D28 /* select.c in Sources */ = {isa = PBXBuildFile; fileRef = 55CF710C157E40FD006A2F3F /* select.c */; };
		55EC24081B5DC03300AD9D28 /* show.c in Sources */ = {isa = PBXBuildFile; fileRef = 55CF710F157E40FD006A2F3F /* show.c */; };
		55EC24091B5DC03300AD9D28 /* walk.c in Sources */ = {isa = PBXBuildFile; fileRef = 55CF7112157E40FD006A2F3F /* walk.c */; };
		55EC240A1B5F016200AD9D28 /* primes.c in Sources */ = {isa = PBXBuildFile; fileRef = 55CF7194157E40FD006A2F3F /* primes.c */; };
		55EC240B1B5F016200AD9D28 /* utils.c in Sources */ = {isa = PBXBuildFile; fileRef = 55CF7197157E40FD006A2F3F /* utils.c */; };
/* End PBXBuildFile section */

/* Begin PBXContainerItemProxy section */
		55EC22FC1B5DA3D300AD9D28 /* PBXContainerItemProxy */ = {
			isa = PBXContainerItemProxy;
			containerPortal = 08FB7793FE84155DC02AAC07 /* Project object */;
			proxyType = 1;
			remoteGlobalIDString = 55EC22F71B5DA3A900AD9D28;
			remoteInfo = ContainersLib;
		};
		55EC239A1B5DBF4300AD9D28 /* PBXContainerItemProxy */ = {
			isa = PBXContainerItemProxy;
			containerPortal = 08FB7793FE84155DC02AAC07 /* Project object */;
			proxyType = 1;
			remoteGlobalIDString = 55EC23951B5DBF3B00AD9D28;
			remoteInfo = Associatives;
		};
/* End PBXContainerItemProxy section */

/* Begin PBXCopyFilesBuildPhase section */
		8DD76FAF0486AB0100D96B5E /* CopyFiles */ = {
			isa = PBXCopyFilesBuildPhase;
			buildActionMask = 8;
			dstPath = /usr/share/man/man1/;
			dstSubfolderSpec = 0;
			files = (
			);
			runOnlyForDeploymentPostprocessing = 1;
		};
/* End PBXCopyFilesBuildPhase section */

/* Begin PBXFileReference section */
		55CF70D9157E40FD006A2F3F /* bstree.c */ = {isa = PBXFileReference; fileEncoding = 4; lastKnownFileType = sourcecode.c.c; name = bstree.c; path = ../../../libraries/container/bstree/bstree.c; sourceTree = SOURCE_ROOT; };
		55CF70DD157E40FD006A2F3F /* critbit.c */ = {isa = PBXFileReference; fileEncoding = 4; lastKnownFileType = sourcecode.c.c; name = critbit.c; path = ../../../libraries/container/critbit/critbit.c; sourceTree = SOURCE_ROOT; };
		55CF70E1157E40FD006A2F3F /* dstree.c */ = {isa = PBXFileReference; fileEncoding = 4; lastKnownFileType = sourcecode.c.c; name = dstree.c; path = ../../../libraries/container/dstree/dstree.c; sourceTree = SOURCE_ROOT; };
		55CF70E5157E40FD006A2F3F /* hash.c */ = {isa = PBXFileReference; fileEncoding = 4; lastKnownFileType = sourcecode.c.c; name = hash.c; path = ../../../libraries/container/hash/hash.c; sourceTree = SOURCE_ROOT; };
		55CF70E9157E40FD006A2F3F /* linkedlist.c */ = {isa = PBXFileReference; fileEncoding = 4; lastKnownFileType = sourcecode.c.c; name = linkedlist.c; path = ../../../libraries/container/linkedlist/linkedlist.c; sourceTree = SOURCE_ROOT; };
		55CF70ED157E40FD006A2F3F /* orderedarray.c */ = {isa = PBXFileReference; fileEncoding = 4; lastKnownFileType = sourcecode.c.c; name = orderedarray.c; path = ../../../libraries/container/orderedarray/orderedarray.c; sourceTree = SOURCE_ROOT; };
		55CF70F1157E40FD006A2F3F /* patricia.c */ = {isa = PBXFileReference; fileEncoding = 4; lastKnownFileType = sourcecode.c.c; name = patricia.c; path = ../../../libraries/container/patricia/patricia.c; sourceTree = SOURCE_ROOT; };
		55CF70F5157E40FD006A2F3F /* trie.c */ = {isa = PBXFileReference; fileEncoding = 4; lastKnownFileType = sourcecode.c.c; name = trie.c; path = ../../../libraries/container/trie/trie.c; sourceTree = SOURCE_ROOT; };
		55CF70FD157E40FD006A2F3F /* impl.h */ = {isa = PBXFileReference; fileEncoding = 4; lastKnownFileType = sourcecode.c.h; name = impl.h; path = ../../../libraries/datastruct/bstree/impl.h; sourceTree = SOURCE_ROOT; };
		55CF70FE157E40FD006A2F3F /* select.c */ = {isa = PBXFileReference; fileEncoding = 4; lastKnownFileType = sourcecode.c.c; name = select.c; path = ../../../libraries/datastruct/bstree/select.c; sourceTree = SOURCE_ROOT; };
		55CF7101157E40FD006A2F3F /* show.c */ = {isa = PBXFileReference; fileEncoding = 4; lastKnownFileType = sourcecode.c.c; name = show.c; path = ../../../libraries/datastruct/bstree/show.c; sourceTree = SOURCE_ROOT; };
		55CF7104157E40FD006A2F3F /* walk.c */ = {isa = PBXFileReference; fileEncoding = 4; lastKnownFileType = sourcecode.c.c; name = walk.c; path = ../../../libraries/datastruct/bstree/walk.c; sourceTree = SOURCE_ROOT; };
		55CF710B157E40FD006A2F3F /* impl.h */ = {isa = PBXFileReference; fileEncoding = 4; lastKnownFileType = sourcecode.c.h; name = impl.h; path = ../../../libraries/datastruct/critbit/impl.h; sourceTree = SOURCE_ROOT; };
		55CF710C157E40FD006A2F3F /* select.c */ = {isa = PBXFileReference; fileEncoding = 4; lastKnownFileType = sourcecode.c.c; name = select.c; path = ../../../libraries/datastruct/critbit/select.c; sourceTree = SOURCE_ROOT; };
		55CF710F157E40FD006A2F3F /* show.c */ = {isa = PBXFileReference; fileEncoding = 4; lastKnownFileType = sourcecode.c.c; name = show.c; path = ../../../libraries/datastruct/critbit/show.c; sourceTree = SOURCE_ROOT; };
		55CF7112157E40FD006A2F3F /* walk.c */ = {isa = PBXFileReference; fileEncoding = 4; lastKnownFileType = sourcecode.c.c; name = walk.c; path = ../../../libraries/datastruct/critbit/walk.c; sourceTree = SOURCE_ROOT; };
		55CF7119157E40FD006A2F3F /* impl.h */ = {isa = PBXFileReference; fileEncoding = 4; lastKnownFileType = sourcecode.c.h; name = impl.h; path = ../../../libraries/datastruct/dstree/impl.h; sourceTree = SOURCE_ROOT; };
		55CF711A157E40FD006A2F3F /* select.c */ = {isa = PBXFileReference; fileEncoding = 4; lastKnownFileType = sourcecode.c.c; name = select.c; path = ../../../libraries/datastruct/dstree/select.c; sourceTree = SOURCE_ROOT; };
		55CF711D157E40FD006A2F3F /* show.c */ = {isa = PBXFileReference; fileEncoding = 4; lastKnownFileType = sourcecode.c.c; name = show.c; path = ../../../libraries/datastruct/dstree/show.c; sourceTree = SOURCE_ROOT; };
		55CF7120157E40FD006A2F3F /* walk.c */ = {isa = PBXFileReference; fileEncoding = 4; lastKnownFileType = sourcecode.c.c; name = walk.c; path = ../../../libraries/datastruct/dstree/walk.c; sourceTree = SOURCE_ROOT; };
		55CF7124157E40FD006A2F3F /* count.c */ = {isa = PBXFileReference; fileEncoding = 4; lastKnownFileType = sourcecode.c.c; name = count.c; path = ../../../libraries/datastruct/hash/count.c; sourceTree = SOURCE_ROOT; };
		55CF7127157E40FD006A2F3F /* create.c */ = {isa = PBXFileReference; fileEncoding = 4; lastKnownFileType = sourcecode.c.c; name = create.c; path = ../../../libraries/datastruct/hash/create.c; sourceTree = SOURCE_ROOT; };
		55CF712A157E40FD006A2F3F /* destroy.c */ = {isa = PBXFileReference; fileEncoding = 4; lastKnownFileType = sourcecode.c.c; name = destroy.c; path = ../../../libraries/datastruct/hash/destroy.c; sourceTree = SOURCE_ROOT; };
		55CF712D157E40FD006A2F3F /* impl.h */ = {isa = PBXFileReference; fileEncoding = 4; lastKnownFileType = sourcecode.c.h; name = impl.h; path = ../../../libraries/datastruct/hash/impl.h; sourceTree = SOURCE_ROOT; };
		55CF712E157E40FD006A2F3F /* insert.c */ = {isa = PBXFileReference; fileEncoding = 4; lastKnownFileType = sourcecode.c.c; name = insert.c; path = ../../../libraries/datastruct/hash/insert.c; sourceTree = SOURCE_ROOT; };
		55CF7131157E40FD006A2F3F /* lookup-node.c */ = {isa = PBXFileReference; fileEncoding = 4; lastKnownFileType = sourcecode.c.c; name = "lookup-node.c"; path = "../../../libraries/datastruct/hash/lookup-node.c"; sourceTree = SOURCE_ROOT; };
		55CF7134157E40FD006A2F3F /* lookup.c */ = {isa = PBXFileReference; fileEncoding = 4; lastKnownFileType = sourcecode.c.c; name = lookup.c; path = ../../../libraries/datastruct/hash/lookup.c; sourceTree = SOURCE_ROOT; };
		55CF7137157E40FD006A2F3F /* remove.c */ = {isa = PBXFileReference; fileEncoding = 4; lastKnownFileType = sourcecode.c.c; name = remove.c; path = ../../../libraries/datastruct/hash/remove.c; sourceTree = SOURCE_ROOT; };
		55CF713A157E40FD006A2F3F /* show.c */ = {isa = PBXFileReference; fileEncoding = 4; lastKnownFileType = sourcecode.c.c; name = show.c; path = ../../../libraries/datastruct/hash/show.c; sourceTree = SOURCE_ROOT; };
		55CF713D157E40FD006A2F3F /* walk-cont.c */ = {isa = PBXFileReference; fileEncoding = 4; lastKnownFileType = sourcecode.c.c; name = "walk-cont.c"; path = "../../../libraries/datastruct/hash/walk-cont.c"; sourceTree = SOURCE_ROOT; };
		55CF7140157E40FD006A2F3F /* walk-internal.c */ = {isa = PBXFileReference; fileEncoding = 4; lastKnownFileType = sourcecode.c.c; name = "walk-internal.c"; path = "../../../libraries/datastruct/hash/walk-internal.c"; sourceTree = SOURCE_ROOT; };
		55CF7143157E40FD006A2F3F /* walk.c */ = {isa = PBXFileReference; fileEncoding = 4; lastKnownFileType = sourcecode.c.c; name = walk.c; path = ../../../libraries/datastruct/hash/walk.c; sourceTree = SOURCE_ROOT; };
		55CF7147157E40FD006A2F3F /* impl.h */ = {isa = PBXFileReference; fileEncoding = 4; lastKnownFileType = sourcecode.c.h; name = impl.h; path = ../../../libraries/datastruct/linkedlist/impl.h; sourceTree = SOURCE_ROOT; };
		55CF714B157E40FD006A2F3F /* select.c */ = {isa = PBXFileReference; fileEncoding = 4; lastKnownFileType = sourcecode.c.c; name = select.c; path = ../../../libraries/datastruct/linkedlist/select.c; sourceTree = SOURCE_ROOT; };
		55CF714E157E40FD006A2F3F /* show.c */ = {isa = PBXFileReference; fileEncoding = 4; lastKnownFileType = sourcecode.c.c; name = show.c; path = ../../../libraries/datastruct/linkedlist/show.c; sourceTree = SOURCE_ROOT; };
		55CF7151157E40FD006A2F3F /* walk.c */ = {isa = PBXFileReference; fileEncoding = 4; lastKnownFileType = sourcecode.c.c; name = walk.c; path = ../../../libraries/datastruct/linkedlist/walk.c; sourceTree = SOURCE_ROOT; };
		55CF7155157E40FD006A2F3F /* impl.h */ = {isa = PBXFileReference; fileEncoding = 4; lastKnownFileType = sourcecode.c.h; name = impl.h; path = ../../../libraries/datastruct/orderedarray/impl.h; sourceTree = SOURCE_ROOT; };
		55CF7159157E40FD006A2F3F /* select.c */ = {isa = PBXFileReference; fileEncoding = 4; lastKnownFileType = sourcecode.c.c; name = select.c; path = ../../../libraries/datastruct/orderedarray/select.c; sourceTree = SOURCE_ROOT; };
		55CF715C157E40FD006A2F3F /* show.c */ = {isa = PBXFileReference; fileEncoding = 4; lastKnownFileType = sourcecode.c.c; name = show.c; path = ../../../libraries/datastruct/orderedarray/show.c; sourceTree = SOURCE_ROOT; };
		55CF715F157E40FD006A2F3F /* walk.c */ = {isa = PBXFileReference; fileEncoding = 4; lastKnownFileType = sourcecode.c.c; name = walk.c; path = ../../../libraries/datastruct/orderedarray/walk.c; sourceTree = SOURCE_ROOT; };
		55CF7163157E40FD006A2F3F /* impl.h */ = {isa = PBXFileReference; fileEncoding = 4; lastKnownFileType = sourcecode.c.h; name = impl.h; path = ../../../libraries/datastruct/patricia/impl.h; sourceTree = SOURCE_ROOT; };
		55CF7167157E40FD006A2F3F /* select.c */ = {isa = PBXFileReference; fileEncoding = 4; lastKnownFileType = sourcecode.c.c; name = select.c; path = ../../../libraries/datastruct/patricia/select.c; sourceTree = SOURCE_ROOT; };
		55CF716A157E40FD006A2F3F /* show.c */ = {isa = PBXFileReference; fileEncoding = 4; lastKnownFileType = sourcecode.c.c; name = show.c; path = ../../../libraries/datastruct/patricia/show.c; sourceTree = SOURCE_ROOT; };
		55CF716D157E40FD006A2F3F /* walk.c */ = {isa = PBXFileReference; fileEncoding = 4; lastKnownFileType = sourcecode.c.c; name = walk.c; path = ../../../libraries/datastruct/patricia/walk.c; sourceTree = SOURCE_ROOT; };
		55CF7175157E40FD006A2F3F /* test.c */ = {isa = PBXFileReference; fileEncoding = 4; lastKnownFileType = sourcecode.c.c; name = test.c; path = ../../../libraries/datastruct/queue/test/test.c; sourceTree = SOURCE_ROOT; };
		55CF7179157E40FD006A2F3F /* impl.h */ = {isa = PBXFileReference; fileEncoding = 4; lastKnownFileType = sourcecode.c.h; name = impl.h; path = ../../../libraries/datastruct/trie/impl.h; sourceTree = SOURCE_ROOT; };
		55CF717A157E40FD006A2F3F /* select.c */ = {isa = PBXFileReference; fileEncoding = 4; lastKnownFileType = sourcecode.c.c; name = select.c; path = ../../../libraries/datastruct/trie/select.c; sourceTree = SOURCE_ROOT; };
		55CF717D157E40FD006A2F3F /* show.c */ = {isa = PBXFileReference; fileEncoding = 4; lastKnownFileType = sourcecode.c.c; name = show.c; path = ../../../libraries/datastruct/trie/show.c; sourceTree = SOURCE_ROOT; };
		55CF7183157E40FD006A2F3F /* walk.c */ = {isa = PBXFileReference; fileEncoding = 4; lastKnownFileType = sourcecode.c.c; name = walk.c; path = ../../../libraries/datastruct/trie/walk.c; sourceTree = SOURCE_ROOT; };
		55CF7187157E40FD006A2F3F /* char.c */ = {isa = PBXFileReference; fileEncoding = 4; lastKnownFileType = sourcecode.c.c; name = char.c; path = ../../../libraries/keyval/char.c; sourceTree = SOURCE_ROOT; };
		55CF718A157E40FD006A2F3F /* common.c */ = {isa = PBXFileReference; fileEncoding = 4; lastKnownFileType = sourcecode.c.c; name = common.c; path = ../../../libraries/keyval/common.c; sourceTree = SOURCE_ROOT; };
		55CF718D157E40FD006A2F3F /* int.c */ = {isa = PBXFileReference; fileEncoding = 4; lastKnownFileType = sourcecode.c.c; name = int.c; path = ../../../libraries/keyval/int.c; sourceTree = SOURCE_ROOT; };
		55CF7190157E40FD006A2F3F /* string.c */ = {isa = PBXFileReference; fileEncoding = 4; lastKnownFileType = sourcecode.c.c; name = string.c; path = ../../../libraries/keyval/string.c; sourceTree = SOURCE_ROOT; };
		55CF7194157E40FD006A2F3F /* primes.c */ = {isa = PBXFileReference; fileEncoding = 4; lastKnownFileType = sourcecode.c.c; name = primes.c; path = ../../../libraries/utils/primes.c; sourceTree = SOURCE_ROOT; };
		55CF7197157E40FD006A2F3F /* utils.c */ = {isa = PBXFileReference; fileEncoding = 4; lastKnownFileType = sourcecode.c.c; name = utils.c; path = ../../../libraries/utils/utils.c; sourceTree = SOURCE_ROOT; };
		55CF723F157E40FE006A2F3F /* Containers */ = {isa = PBXFileReference; explicitFileType = "compiled.mach-o.executable"; includeInIndex = 0; path = Containers; sourceTree = BUILT_PRODUCTS_DIR; };
		55CF7246157E41E7006A2F3F /* memento.c */ = {isa = PBXFileReference; fileEncoding = 4; lastKnownFileType = sourcecode.c.c; name = memento.c; path = ../../../include/base/memento/memento.c; sourceTree = SOURCE_ROOT; };
		55CF724A157E41E7006A2F3F /* memento.h */ = {isa = PBXFileReference; fileEncoding = 4; lastKnownFileType = sourcecode.c.h; name = memento.h; path = ../../../include/base/memento/memento.h; sourceTree = SOURCE_ROOT; };
		55CF724E157E41E7006A2F3F /* types.h */ = {isa = PBXFileReference; fileEncoding = 4; lastKnownFileType = sourcecode.c.h; name = types.h; path = ../../../include/base/types.h; sourceTree = SOURCE_ROOT; };
		55CF7250157E41E7006A2F3F /* bstree.h */ = {isa = PBXFileReference; fileEncoding = 4; lastKnownFileType = sourcecode.c.h; name = bstree.h; path = ../../../include/container/bstree.h; sourceTree = SOURCE_ROOT; };
		55CF7251157E41E7006A2F3F /* critbit.h */ = {isa = PBXFileReference; fileEncoding = 4; lastKnownFileType = sourcecode.c.h; name = critbit.h; path = ../../../include/container/critbit.h; sourceTree = SOURCE_ROOT; };
		55CF7252157E41E7006A2F3F /* dstree.h */ = {isa = PBXFileReference; fileEncoding = 4; lastKnownFileType = sourcecode.c.h; name = dstree.h; path = ../../../include/container/dstree.h; sourceTree = SOURCE_ROOT; };
		55CF7253157E41E7006A2F3F /* hash.h */ = {isa = PBXFileReference; fileEncoding = 4; lastKnownFileType = sourcecode.c.h; name = hash.h; path = ../../../include/container/hash.h; sourceTree = SOURCE_ROOT; };
		55CF7255157E41E7006A2F3F /* container.h */ = {isa = PBXFileReference; fileEncoding = 4; lastKnownFileType = sourcecode.c.h; name = container.h; path = ../../../include/container/interface/container.h; sourceTree = SOURCE_ROOT; };
		55CF7256157E41E7006A2F3F /* key.h */ = {isa = PBXFileReference; fileEncoding = 4; lastKnownFileType = sourcecode.c.h; name = key.h; path = ../../../include/container/interface/key.h; sourceTree = SOURCE_ROOT; };
		55CF7257157E41E7006A2F3F /* kv.h */ = {isa = PBXFileReference; fileEncoding = 4; lastKnownFileType = sourcecode.c.h; name = kv.h; path = ../../../include/container/interface/kv.h; sourceTree = SOURCE_ROOT; };
		55CF7258157E41E7006A2F3F /* maker.h */ = {isa = PBXFileReference; fileEncoding = 4; lastKnownFileType = sourcecode.c.h; name = maker.h; path = ../../../include/container/interface/maker.h; sourceTree = SOURCE_ROOT; };
		55CF7259157E41E7006A2F3F /* value.h */ = {isa = PBXFileReference; fileEncoding = 4; lastKnownFileType = sourcecode.c.h; name = value.h; path = ../../../include/container/interface/value.h; sourceTree = SOURCE_ROOT; };
		55CF725A157E41E7006A2F3F /* linkedlist.h */ = {isa = PBXFileReference; fileEncoding = 4; lastKnownFileType = sourcecode.c.h; name = linkedlist.h; path = ../../../include/container/linkedlist.h; sourceTree = SOURCE_ROOT; };
		55CF725B157E41E7006A2F3F /* orderedarray.h */ = {isa = PBXFileReference; fileEncoding = 4; lastKnownFileType = sourcecode.c.h; name = orderedarray.h; path = ../../../include/container/orderedarray.h; sourceTree = SOURCE_ROOT; };
		55CF725C157E41E7006A2F3F /* patricia.h */ = {isa = PBXFileReference; fileEncoding = 4; lastKnownFileType = sourcecode.c.h; name = patricia.h; path = ../../../include/container/patricia.h; sourceTree = SOURCE_ROOT; };
		55CF725D157E41E7006A2F3F /* trie.h */ = {isa = PBXFileReference; fileEncoding = 4; lastKnownFileType = sourcecode.c.h; name = trie.h; path = ../../../include/container/trie.h; sourceTree = SOURCE_ROOT; };
		55CF725F157E41E7006A2F3F /* bstree.h */ = {isa = PBXFileReference; fileEncoding = 4; lastKnownFileType = sourcecode.c.h; name = bstree.h; path = ../../../include/datastruct/bstree.h; sourceTree = SOURCE_ROOT; };
		55CF7260157E41E7006A2F3F /* critbit.h */ = {isa = PBXFileReference; fileEncoding = 4; lastKnownFileType = sourcecode.c.h; name = critbit.h; path = ../../../include/datastruct/critbit.h; sourceTree = SOURCE_ROOT; };
		55CF7261157E41E7006A2F3F /* dstree.h */ = {isa = PBXFileReference; fileEncoding = 4; lastKnownFileType = sourcecode.c.h; name = dstree.h; path = ../../../include/datastruct/dstree.h; sourceTree = SOURCE_ROOT; };
		55CF7262157E41E7006A2F3F /* hash.h */ = {isa = PBXFileReference; fileEncoding = 4; lastKnownFileType = sourcecode.c.h; name = hash.h; path = ../../../include/datastruct/hash.h; sourceTree = SOURCE_ROOT; };
		55CF7263157E41E7006A2F3F /* item.h */ = {isa = PBXFileReference; fileEncoding = 4; lastKnownFileType = sourcecode.c.h; name = item.h; path = ../../../include/datastruct/item.h; sourceTree = SOURCE_ROOT; };
		55CF7264157E41E7006A2F3F /* linkedlist.h */ = {isa = PBXFileReference; fileEncoding = 4; lastKnownFileType = sourcecode.c.h; name = linkedlist.h; path = ../../../include/datastruct/linkedlist.h; sourceTree = SOURCE_ROOT; };
		55CF7265157E41E7006A2F3F /* orderedarray.h */ = {isa = PBXFileReference; fileEncoding = 4; lastKnownFileType = sourcecode.c.h; name = orderedarray.h; path = ../../../include/datastruct/orderedarray.h; sourceTree = SOURCE_ROOT; };
		55CF7266157E41E7006A2F3F /* patricia.h */ = {isa = PBXFileReference; fileEncoding = 4; lastKnownFileType = sourcecode.c.h; name = patricia.h; path = ../../../include/datastruct/patricia.h; sourceTree = SOURCE_ROOT; };
		55CF7267157E41E7006A2F3F /* queue.h */ = {isa = PBXFileReference; fileEncoding = 4; lastKnownFileType = sourcecode.c.h; name = queue.h; path = ../../../include/datastruct/queue.h; sourceTree = SOURCE_ROOT; };
		55CF7268157E41E7006A2F3F /* trie.h */ = {isa = PBXFileReference; fileEncoding = 4; lastKnownFileType = sourcecode.c.h; name = trie.h; path = ../../../include/datastruct/trie.h; sourceTree = SOURCE_ROOT; };
		55CF726A157E41E7006A2F3F /* char.h */ = {isa = PBXFileReference; fileEncoding = 4; lastKnownFileType = sourcecode.c.h; name = char.h; path = ../../../include/keyval/char.h; sourceTree = SOURCE_ROOT; };
		55CF726B157E41E7006A2F3F /* common.h */ = {isa = PBXFileReference; fileEncoding = 4; lastKnownFileType = sourcecode.c.h; name = common.h; path = ../../../include/keyval/common.h; sourceTree = SOURCE_ROOT; };
		55CF726C157E41E7006A2F3F /* int.h */ = {isa = PBXFileReference; fileEncoding = 4; lastKnownFileType = sourcecode.c.h; name = int.h; path = ../../../include/keyval/int.h; sourceTree = SOURCE_ROOT; };
		55CF726D157E41E7006A2F3F /* kv.h */ = {isa = PBXFileReference; fileEncoding = 4; lastKnownFileType = sourcecode.c.h; name = kv.h; path = ../../../include/keyval/kv.h; sourceTree = SOURCE_ROOT; };
		55CF726E157E41E7006A2F3F /* string.h */ = {isa = PBXFileReference; fileEncoding = 4; lastKnownFileType = sourcecode.c.h; name = string.h; path = ../../../include/keyval/string.h; sourceTree = SOURCE_ROOT; };
		55CF7270157E41E7006A2F3F /* primes.h */ = {isa = PBXFileReference; fileEncoding = 4; lastKnownFileType = sourcecode.c.h; name = primes.h; path = ../../../include/utils/primes.h; sourceTree = SOURCE_ROOT; };
		55CF7271157E41E7006A2F3F /* utils.h */ = {isa = PBXFileReference; fileEncoding = 4; lastKnownFileType = sourcecode.c.h; name = utils.h; path = ../../../include/utils/utils.h; sourceTree = SOURCE_ROOT; };
		55CF728E157E4400006A2F3F /* main.c */ = {isa = PBXFileReference; fileEncoding = 4; lastKnownFileType = sourcecode.c.c; name = main.c; path = "../../../apps/container-test/main.c"; sourceTree = SOURCE_ROOT; };
		55CF7291157E4400006A2F3F /* test.c */ = {isa = PBXFileReference; fileEncoding = 4; lastKnownFileType = sourcecode.c.c; name = test.c; path = "../../../apps/container-test/test.c"; sourceTree = SOURCE_ROOT; };
		55CF7293157E4400006A2F3F /* test.h */ = {isa = PBXFileReference; fileEncoding = 4; lastKnownFileType = sourcecode.c.h; name = test.h; path = "../../../apps/container-test/test.h"; sourceTree = SOURCE_ROOT; };
		55CF7295157E4400006A2F3F /* testdata.h */ = {isa = PBXFileReference; fileEncoding = 4; lastKnownFileType = sourcecode.c.h; name = testdata.h; path = "../../../apps/container-test/testdata.h"; sourceTree = SOURCE_ROOT; };
		55DB366D15AB283C00BA15DD /* count.c */ = {isa = PBXFileReference; fileEncoding = 4; lastKnownFileType = sourcecode.c.c; path = count.c; sourceTree = "<group>"; };
		55DB366E15AB283C00BA15DD /* destroy.c */ = {isa = PBXFileReference; fileEncoding = 4; lastKnownFileType = sourcecode.c.c; path = destroy.c; sourceTree = "<group>"; };
		55DB366F15AB283C00BA15DD /* lookup.c */ = {isa = PBXFileReference; fileEncoding = 4; lastKnownFileType = sourcecode.c.c; path = lookup.c; sourceTree = "<group>"; };
		55DB367015AB283C00BA15DD /* lookup-prefix.c */ = {isa = PBXFileReference; fileEncoding = 4; lastKnownFileType = sourcecode.c.c; path = "lookup-prefix.c"; sourceTree = "<group>"; };
		55DB367115AB283C00BA15DD /* node-create.c */ = {isa = PBXFileReference; fileEncoding = 4; lastKnownFileType = sourcecode.c.c; path = "node-create.c"; sourceTree = "<group>"; };
		55DB367215AB283C00BA15DD /* walk-internal.c */ = {isa = PBXFileReference; fileEncoding = 4; lastKnownFileType = sourcecode.c.c; path = "walk-internal.c"; sourceTree = "<group>"; };
		55DB367315AB283C00BA15DD /* node-clear.c */ = {isa = PBXFileReference; fileEncoding = 4; lastKnownFileType = sourcecode.c.c; path = "node-clear.c"; sourceTree = "<group>"; };
		55DB367415AB283C00BA15DD /* node-destroy.c */ = {isa = PBXFileReference; fileEncoding = 4; lastKnownFileType = sourcecode.c.c; path = "node-destroy.c"; sourceTree = "<group>"; };
		55DB367515AB283C00BA15DD /* insert.c */ = {isa = PBXFileReference; fileEncoding = 4; lastKnownFileType = sourcecode.c.c; path = insert.c; sourceTree = "<group>"; };
		55DB367615AB283C00BA15DD /* remove.c */ = {isa = PBXFileReference; fileEncoding = 4; lastKnownFileType = sourcecode.c.c; path = remove.c; sourceTree = "<group>"; };
		55DB367715AB283C00BA15DD /* breadthwalk-internal.c */ = {isa = PBXFileReference; fileEncoding = 4; lastKnownFileType = sourcecode.c.c; path = "breadthwalk-internal.c"; sourceTree = "<group>"; };
		55DB367815AB283C00BA15DD /* show-viz.c */ = {isa = PBXFileReference; fileEncoding = 4; lastKnownFileType = sourcecode.c.c; path = "show-viz.c"; sourceTree = "<group>"; };
		55DB367915AB283C00BA15DD /* create.c */ = {isa = PBXFileReference; fileEncoding = 4; lastKnownFileType = sourcecode.c.c; path = create.c; sourceTree = "<group>"; };
		55DB368715AB285000BA15DD /* impl.h */ = {isa = PBXFileReference; fileEncoding = 4; lastKnownFileType = sourcecode.c.h; path = impl.h; sourceTree = "<group>"; };
		55DB368815AB285000BA15DD /* count.c */ = {isa = PBXFileReference; fileEncoding = 4; lastKnownFileType = sourcecode.c.c; path = count.c; sourceTree = "<group>"; };
		55DB368915AB285000BA15DD /* create.c */ = {isa = PBXFileReference; fileEncoding = 4; lastKnownFileType = sourcecode.c.c; path = create.c; sourceTree = "<group>"; };
		55DB368A15AB285000BA15DD /* dequeue.c */ = {isa = PBXFileReference; fileEncoding = 4; lastKnownFileType = sourcecode.c.c; path = dequeue.c; sourceTree = "<group>"; };
		55DB368B15AB285000BA15DD /* destroy.c */ = {isa = PBXFileReference; fileEncoding = 4; lastKnownFileType = sourcecode.c.c; path = destroy.c; sourceTree = "<group>"; };
		55DB368C15AB285000BA15DD /* empty.c */ = {isa = PBXFileReference; fileEncoding = 4; lastKnownFileType = sourcecode.c.c; path = empty.c; sourceTree = "<group>"; };
		55DB368D15AB285000BA15DD /* enqueue.c */ = {isa = PBXFileReference; fileEncoding = 4; lastKnownFileType = sourcecode.c.c; path = enqueue.c; sourceTree = "<group>"; };
		55DB368E15AB285000BA15DD /* full.c */ = {isa = PBXFileReference; fileEncoding = 4; lastKnownFileType = sourcecode.c.c; path = full.c; sourceTree = "<group>"; };
		55DB369615AB286200BA15DD /* count.c */ = {isa = PBXFileReference; fileEncoding = 4; lastKnownFileType = sourcecode.c.c; path = count.c; sourceTree = "<group>"; };
		55DB369715AB286200BA15DD /* create.c */ = {isa = PBXFileReference; fileEncoding = 4; lastKnownFileType = sourcecode.c.c; path = create.c; sourceTree = "<group>"; };
		55DB369815AB286200BA15DD /* destroy.c */ = {isa = PBXFileReference; fileEncoding = 4; lastKnownFileType = sourcecode.c.c; path = destroy.c; sourceTree = "<group>"; };
		55DB369915AB286200BA15DD /* insert.c */ = {isa = PBXFileReference; fileEncoding = 4; lastKnownFileType = sourcecode.c.c; path = insert.c; sourceTree = "<group>"; };
		55DB369A15AB286200BA15DD /* lookup-prefix.c */ = {isa = PBXFileReference; fileEncoding = 4; lastKnownFileType = sourcecode.c.c; path = "lookup-prefix.c"; sourceTree = "<group>"; };
		55DB369B15AB286200BA15DD /* lookup.c */ = {isa = PBXFileReference; fileEncoding = 4; lastKnownFileType = sourcecode.c.c; path = lookup.c; sourceTree = "<group>"; };
		55DB369C15AB286200BA15DD /* node-clear.c */ = {isa = PBXFileReference; fileEncoding = 4; lastKnownFileType = sourcecode.c.c; path = "node-clear.c"; sourceTree = "<group>"; };
		55DB369D15AB286200BA15DD /* node-create.c */ = {isa = PBXFileReference; fileEncoding = 4; lastKnownFileType = sourcecode.c.c; path = "node-create.c"; sourceTree = "<group>"; };
		55DB369E15AB286200BA15DD /* node-destroy.c */ = {isa = PBXFileReference; fileEncoding = 4; lastKnownFileType = sourcecode.c.c; path = "node-destroy.c"; sourceTree = "<group>"; };
		55DB369F15AB286200BA15DD /* remove.c */ = {isa = PBXFileReference; fileEncoding = 4; lastKnownFileType = sourcecode.c.c; path = remove.c; sourceTree = "<group>"; };
		55DB36A015AB286200BA15DD /* show-viz.c */ = {isa = PBXFileReference; fileEncoding = 4; lastKnownFileType = sourcecode.c.c; path = "show-viz.c"; sourceTree = "<group>"; };
		55DB36A115AB286200BA15DD /* walk-internal.c */ = {isa = PBXFileReference; fileEncoding = 4; lastKnownFileType = sourcecode.c.c; path = "walk-internal.c"; sourceTree = "<group>"; };
		55DB36AE15AB286F00BA15DD /* count.c */ = {isa = PBXFileReference; fileEncoding = 4; lastKnownFileType = sourcecode.c.c; path = count.c; sourceTree = "<group>"; };
		55DB36AF15AB286F00BA15DD /* create.c */ = {isa = PBXFileReference; fileEncoding = 4; lastKnownFileType = sourcecode.c.c; path = create.c; sourceTree = "<group>"; };
		55DB36B015AB286F00BA15DD /* destroy.c */ = {isa = PBXFileReference; fileEncoding = 4; lastKnownFileType = sourcecode.c.c; path = destroy.c; sourceTree = "<group>"; };
		55DB36B115AB286F00BA15DD /* insert.c */ = {isa = PBXFileReference; fileEncoding = 4; lastKnownFileType = sourcecode.c.c; path = insert.c; sourceTree = "<group>"; };
		55DB36B215AB286F00BA15DD /* lookup-prefix.c */ = {isa = PBXFileReference; fileEncoding = 4; lastKnownFileType = sourcecode.c.c; path = "lookup-prefix.c"; sourceTree = "<group>"; };
		55DB36B315AB286F00BA15DD /* lookup.c */ = {isa = PBXFileReference; fileEncoding = 4; lastKnownFileType = sourcecode.c.c; path = lookup.c; sourceTree = "<group>"; };
		55DB36B415AB286F00BA15DD /* node-destroy.c */ = {isa = PBXFileReference; fileEncoding = 4; lastKnownFileType = sourcecode.c.c; path = "node-destroy.c"; sourceTree = "<group>"; };
		55DB36B515AB286F00BA15DD /* remove.c */ = {isa = PBXFileReference; fileEncoding = 4; lastKnownFileType = sourcecode.c.c; path = remove.c; sourceTree = "<group>"; };
		55DB36B615AB286F00BA15DD /* walk-internal.c */ = {isa = PBXFileReference; fileEncoding = 4; lastKnownFileType = sourcecode.c.c; path = "walk-internal.c"; sourceTree = "<group>"; };
		55DB36C015AB287B00BA15DD /* count.c */ = {isa = PBXFileReference; fileEncoding = 4; lastKnownFileType = sourcecode.c.c; path = count.c; sourceTree = "<group>"; };
		55DB36C115AB287B00BA15DD /* create.c */ = {isa = PBXFileReference; fileEncoding = 4; lastKnownFileType = sourcecode.c.c; path = create.c; sourceTree = "<group>"; };
		55DB36C215AB287B00BA15DD /* destroy.c */ = {isa = PBXFileReference; fileEncoding = 4; lastKnownFileType = sourcecode.c.c; path = destroy.c; sourceTree = "<group>"; };
		55DB36C315AB287B00BA15DD /* insert.c */ = {isa = PBXFileReference; fileEncoding = 4; lastKnownFileType = sourcecode.c.c; path = insert.c; sourceTree = "<group>"; };
		55DB36C415AB287B00BA15DD /* lookup-prefix.c */ = {isa = PBXFileReference; fileEncoding = 4; lastKnownFileType = sourcecode.c.c; path = "lookup-prefix.c"; sourceTree = "<group>"; };
		55DB36C515AB287B00BA15DD /* lookup.c */ = {isa = PBXFileReference; fileEncoding = 4; lastKnownFileType = sourcecode.c.c; path = lookup.c; sourceTree = "<group>"; };
		55DB36C615AB287B00BA15DD /* node-create.c */ = {isa = PBXFileReference; fileEncoding = 4; lastKnownFileType = sourcecode.c.c; path = "node-create.c"; sourceTree = "<group>"; };
		55DB36C715AB287B00BA15DD /* node-destroy.c */ = {isa = PBXFileReference; fileEncoding = 4; lastKnownFileType = sourcecode.c.c; path = "node-destroy.c"; sourceTree = "<group>"; };
		55DB36C815AB287B00BA15DD /* remove.c */ = {isa = PBXFileReference; fileEncoding = 4; lastKnownFileType = sourcecode.c.c; path = remove.c; sourceTree = "<group>"; };
		55DB36C915AB287B00BA15DD /* walk-internal.c */ = {isa = PBXFileReference; fileEncoding = 4; lastKnownFileType = sourcecode.c.c; path = "walk-internal.c"; sourceTree = "<group>"; };
		55DB36D415AB288B00BA15DD /* breadthwalk-internal.c */ = {isa = PBXFileReference; fileEncoding = 4; lastKnownFileType = sourcecode.c.c; path = "breadthwalk-internal.c"; sourceTree = "<group>"; };
		55DB36D515AB288B00BA15DD /* count.c */ = {isa = PBXFileReference; fileEncoding = 4; lastKnownFileType = sourcecode.c.c; path = count.c; sourceTree = "<group>"; };
		55DB36D615AB288B00BA15DD /* create.c */ = {isa = PBXFileReference; fileEncoding = 4; lastKnownFileType = sourcecode.c.c; path = create.c; sourceTree = "<group>"; };
		55DB36D715AB288B00BA15DD /* destroy.c */ = {isa = PBXFileReference; fileEncoding = 4; lastKnownFileType = sourcecode.c.c; path = destroy.c; sourceTree = "<group>"; };
		55DB36D815AB288B00BA15DD /* insert.c */ = {isa = PBXFileReference; fileEncoding = 4; lastKnownFileType = sourcecode.c.c; path = insert.c; sourceTree = "<group>"; };
		55DB36D915AB288B00BA15DD /* lookup-prefix.c */ = {isa = PBXFileReference; fileEncoding = 4; lastKnownFileType = sourcecode.c.c; path = "lookup-prefix.c"; sourceTree = "<group>"; };
		55DB36DA15AB288B00BA15DD /* lookup.c */ = {isa = PBXFileReference; fileEncoding = 4; lastKnownFileType = sourcecode.c.c; path = lookup.c; sourceTree = "<group>"; };
		55DB36DB15AB288B00BA15DD /* node-clear.c */ = {isa = PBXFileReference; fileEncoding = 4; lastKnownFileType = sourcecode.c.c; path = "node-clear.c"; sourceTree = "<group>"; };
		55DB36DC15AB288B00BA15DD /* node-create.c */ = {isa = PBXFileReference; fileEncoding = 4; lastKnownFileType = sourcecode.c.c; path = "node-create.c"; sourceTree = "<group>"; };
		55DB36DD15AB288B00BA15DD /* node-destroy.c */ = {isa = PBXFileReference; fileEncoding = 4; lastKnownFileType = sourcecode.c.c; path = "node-destroy.c"; sourceTree = "<group>"; };
		55DB36DE15AB288B00BA15DD /* remove.c */ = {isa = PBXFileReference; fileEncoding = 4; lastKnownFileType = sourcecode.c.c; path = remove.c; sourceTree = "<group>"; };
		55DB36DF15AB288B00BA15DD /* remove2.c */ = {isa = PBXFileReference; fileEncoding = 4; lastKnownFileType = sourcecode.c.c; path = remove2.c; sourceTree = "<group>"; };
		55DB36E015AB288B00BA15DD /* show-viz.c */ = {isa = PBXFileReference; fileEncoding = 4; lastKnownFileType = sourcecode.c.c; path = "show-viz.c"; sourceTree = "<group>"; };
		55DB36E115AB288B00BA15DD /* walk-internal.c */ = {isa = PBXFileReference; fileEncoding = 4; lastKnownFileType = sourcecode.c.c; path = "walk-internal.c"; sourceTree = "<group>"; };
		55DB36F015AB289700BA15DD /* count.c */ = {isa = PBXFileReference; fileEncoding = 4; lastKnownFileType = sourcecode.c.c; path = count.c; sourceTree = "<group>"; };
		55DB36F115AB289700BA15DD /* create.c */ = {isa = PBXFileReference; fileEncoding = 4; lastKnownFileType = sourcecode.c.c; path = create.c; sourceTree = "<group>"; };
		55DB36F215AB289700BA15DD /* destroy.c */ = {isa = PBXFileReference; fileEncoding = 4; lastKnownFileType = sourcecode.c.c; path = destroy.c; sourceTree = "<group>"; };
		55DB36F315AB289700BA15DD /* extnode-create.c */ = {isa = PBXFileReference; fileEncoding = 4; lastKnownFileType = sourcecode.c.c; path = "extnode-create.c"; sourceTree = "<group>"; };
		55DB36F415AB289700BA15DD /* extnode-destroy.c */ = {isa = PBXFileReference; fileEncoding = 4; lastKnownFileType = sourcecode.c.c; path = "extnode-destroy.c"; sourceTree = "<group>"; };
		55DB36F515AB289700BA15DD /* insert.c */ = {isa = PBXFileReference; fileEncoding = 4; lastKnownFileType = sourcecode.c.c; path = insert.c; sourceTree = "<group>"; };
		55DB36F615AB289700BA15DD /* lookup-prefix.c */ = {isa = PBXFileReference; fileEncoding = 4; lastKnownFileType = sourcecode.c.c; path = "lookup-prefix.c"; sourceTree = "<group>"; };
		55DB36F715AB289700BA15DD /* lookup.c */ = {isa = PBXFileReference; fileEncoding = 4; lastKnownFileType = sourcecode.c.c; path = lookup.c; sourceTree = "<group>"; };
		55DB36F815AB289700BA15DD /* node-create.c */ = {isa = PBXFileReference; fileEncoding = 4; lastKnownFileType = sourcecode.c.c; path = "node-create.c"; sourceTree = "<group>"; };
		55DB36F915AB289700BA15DD /* node-destroy.c */ = {isa = PBXFileReference; fileEncoding = 4; lastKnownFileType = sourcecode.c.c; path = "node-destroy.c"; sourceTree = "<group>"; };
		55DB36FA15AB289700BA15DD /* remove.c */ = {isa = PBXFileReference; fileEncoding = 4; lastKnownFileType = sourcecode.c.c; path = remove.c; sourceTree = "<group>"; };
		55DB36FB15AB289700BA15DD /* show-viz.c */ = {isa = PBXFileReference; fileEncoding = 4; lastKnownFileType = sourcecode.c.c; path = "show-viz.c"; sourceTree = "<group>"; };
		55DB36FC15AB289700BA15DD /* walk-internal.c */ = {isa = PBXFileReference; fileEncoding = 4; lastKnownFileType = sourcecode.c.c; path = "walk-internal.c"; sourceTree = "<group>"; };
		55DB370A15AB28A600BA15DD /* count.c */ = {isa = PBXFileReference; fileEncoding = 4; lastKnownFileType = sourcecode.c.c; path = count.c; sourceTree = "<group>"; };
		55DB370B15AB28A600BA15DD /* create.c */ = {isa = PBXFileReference; fileEncoding = 4; lastKnownFileType = sourcecode.c.c; path = create.c; sourceTree = "<group>"; };
		55DB370C15AB28A600BA15DD /* destroy.c */ = {isa = PBXFileReference; fileEncoding = 4; lastKnownFileType = sourcecode.c.c; path = destroy.c; sourceTree = "<group>"; };
		55DB370D15AB28A600BA15DD /* insert.c */ = {isa = PBXFileReference; fileEncoding = 4; lastKnownFileType = sourcecode.c.c; path = insert.c; sourceTree = "<group>"; };
		55DB370E15AB28A600BA15DD /* lookup-prefix.c */ = {isa = PBXFileReference; fileEncoding = 4; lastKnownFileType = sourcecode.c.c; path = "lookup-prefix.c"; sourceTree = "<group>"; };
		55DB370F15AB28A600BA15DD /* lookup.c */ = {isa = PBXFileReference; fileEncoding = 4; lastKnownFileType = sourcecode.c.c; path = lookup.c; sourceTree = "<group>"; };
		55DB371015AB28A600BA15DD /* node-create.c */ = {isa = PBXFileReference; fileEncoding = 4; lastKnownFileType = sourcecode.c.c; path = "node-create.c"; sourceTree = "<group>"; };
		55DB371115AB28A600BA15DD /* node-destroy.c */ = {isa = PBXFileReference; fileEncoding = 4; lastKnownFileType = sourcecode.c.c; path = "node-destroy.c"; sourceTree = "<group>"; };
		55DB371215AB28A600BA15DD /* remove.c */ = {isa = PBXFileReference; fileEncoding = 4; lastKnownFileType = sourcecode.c.c; path = remove.c; sourceTree = "<group>"; };
		55DB371315AB28A600BA15DD /* show-viz.c */ = {isa = PBXFileReference; fileEncoding = 4; lastKnownFileType = sourcecode.c.c; path = "show-viz.c"; sourceTree = "<group>"; };
		55DB371415AB28A600BA15DD /* walk-internal.c */ = {isa = PBXFileReference; fileEncoding = 4; lastKnownFileType = sourcecode.c.c; path = "walk-internal.c"; sourceTree = "<group>"; };
		55EC22F81B5DA3A900AD9D28 /* libContainersLib.a */ = {isa = PBXFileReference; explicitFileType = archive.ar; includeInIndex = 0; path = libContainersLib.a; sourceTree = BUILT_PRODUCTS_DIR; };
		55EC23961B5DBF3B00AD9D28 /* libAssociativesLib.a */ = {isa = PBXFileReference; explicitFileType = archive.ar; includeInIndex = 0; path = libAssociativesLib.a; sourceTree = BUILT_PRODUCTS_DIR; };
/* End PBXFileReference section */

/* Begin PBXFrameworksBuildPhase section */
		55EC22F51B5DA3A900AD9D28 /* Frameworks */ = {
			isa = PBXFrameworksBuildPhase;
			buildActionMask = 2147483647;
			files = (
			);
			runOnlyForDeploymentPostprocessing = 0;
		};
		55EC23931B5DBF3B00AD9D28 /* Frameworks */ = {
			isa = PBXFrameworksBuildPhase;
			buildActionMask = 2147483647;
			files = (
			);
			runOnlyForDeploymentPostprocessing = 0;
		};
		8DD76FAD0486AB0100D96B5E /* Frameworks */ = {
			isa = PBXFrameworksBuildPhase;
			buildActionMask = 2147483647;
			files = (
				55EC239C1B5DBF4700AD9D28 /* libAssociativesLib.a in Frameworks */,
				55EC23901B5DA70400AD9D28 /* libContainersLib.a in Frameworks */,
			);
			runOnlyForDeploymentPostprocessing = 0;
		};
/* End PBXFrameworksBuildPhase section */

/* Begin PBXGroup section */
		08FB7794FE84155DC02AAC07 /* Containers */ = {
			isa = PBXGroup;
			children = (
				55CF728C157E43EE006A2F3F /* apps */,
				55CF7242157E41E7006A2F3F /* include */,
				55CF70D6157E40FD006A2F3F /* libraries */,
				55CF7240157E40FE006A2F3F /* Products */,
			);
			name = Containers;
			sourceTree = "<group>";
		};
		55CF70D6157E40FD006A2F3F /* libraries */ = {
			isa = PBXGroup;
			children = (
				55CF70D7157E40FD006A2F3F /* container */,
				55CF70F8157E40FD006A2F3F /* datastruct */,
				55CF7186157E40FD006A2F3F /* keyval */,
				55CF7193157E40FD006A2F3F /* utils */,
			);
			name = libraries;
			path = ../../../libraries;
			sourceTree = SOURCE_ROOT;
		};
		55CF70D7157E40FD006A2F3F /* container */ = {
			isa = PBXGroup;
			children = (
				55CF70D8157E40FD006A2F3F /* bstree */,
				55CF70DC157E40FD006A2F3F /* critbit */,
				55CF70E0157E40FD006A2F3F /* dstree */,
				55CF70E4157E40FD006A2F3F /* hash */,
				55CF70E8157E40FD006A2F3F /* linkedlist */,
				55CF70EC157E40FD006A2F3F /* orderedarray */,
				55CF70F0157E40FD006A2F3F /* patricia */,
				55CF70F4157E40FD006A2F3F /* trie */,
			);
			name = container;
			path = ../../../libraries/container;
			sourceTree = SOURCE_ROOT;
		};
		55CF70D8157E40FD006A2F3F /* bstree */ = {
			isa = PBXGroup;
			children = (
				55CF70D9157E40FD006A2F3F /* bstree.c */,
			);
			name = bstree;
			path = ../../../libraries/container/bstree;
			sourceTree = SOURCE_ROOT;
		};
		55CF70DC157E40FD006A2F3F /* critbit */ = {
			isa = PBXGroup;
			children = (
				55CF70DD157E40FD006A2F3F /* critbit.c */,
			);
			name = critbit;
			path = ../../../libraries/container/critbit;
			sourceTree = SOURCE_ROOT;
		};
		55CF70E0157E40FD006A2F3F /* dstree */ = {
			isa = PBXGroup;
			children = (
				55CF70E1157E40FD006A2F3F /* dstree.c */,
			);
			name = dstree;
			path = ../../../libraries/container/dstree;
			sourceTree = SOURCE_ROOT;
		};
		55CF70E4157E40FD006A2F3F /* hash */ = {
			isa = PBXGroup;
			children = (
				55CF70E5157E40FD006A2F3F /* hash.c */,
			);
			name = hash;
			path = ../../../libraries/container/hash;
			sourceTree = SOURCE_ROOT;
		};
		55CF70E8157E40FD006A2F3F /* linkedlist */ = {
			isa = PBXGroup;
			children = (
				55CF70E9157E40FD006A2F3F /* linkedlist.c */,
			);
			name = linkedlist;
			path = ../../../libraries/container/linkedlist;
			sourceTree = SOURCE_ROOT;
		};
		55CF70EC157E40FD006A2F3F /* orderedarray */ = {
			isa = PBXGroup;
			children = (
				55CF70ED157E40FD006A2F3F /* orderedarray.c */,
			);
			name = orderedarray;
			path = ../../../libraries/container/orderedarray;
			sourceTree = SOURCE_ROOT;
		};
		55CF70F0157E40FD006A2F3F /* patricia */ = {
			isa = PBXGroup;
			children = (
				55CF70F1157E40FD006A2F3F /* patricia.c */,
			);
			name = patricia;
			path = ../../../libraries/container/patricia;
			sourceTree = SOURCE_ROOT;
		};
		55CF70F4157E40FD006A2F3F /* trie */ = {
			isa = PBXGroup;
			children = (
				55CF70F5157E40FD006A2F3F /* trie.c */,
			);
			name = trie;
			path = ../../../libraries/container/trie;
			sourceTree = SOURCE_ROOT;
		};
		55CF70F8157E40FD006A2F3F /* datastruct */ = {
			isa = PBXGroup;
			children = (
				55CF70F9157E40FD006A2F3F /* bstree */,
				55CF7107157E40FD006A2F3F /* critbit */,
				55CF7115157E40FD006A2F3F /* dstree */,
				55CF7123157E40FD006A2F3F /* hash */,
				55CF7146157E40FD006A2F3F /* linkedlist */,
				55CF7154157E40FD006A2F3F /* orderedarray */,
				55CF7162157E40FD006A2F3F /* patricia */,
				55CF7170157E40FD006A2F3F /* queue */,
				55CF7178157E40FD006A2F3F /* trie */,
			);
			name = datastruct;
			path = ../../../libraries/datastruct;
			sourceTree = SOURCE_ROOT;
		};
		55CF70F9157E40FD006A2F3F /* bstree */ = {
			isa = PBXGroup;
			children = (
				55DB370A15AB28A600BA15DD /* count.c */,
				55DB370B15AB28A600BA15DD /* create.c */,
				55DB370C15AB28A600BA15DD /* destroy.c */,
				55DB370D15AB28A600BA15DD /* insert.c */,
				55DB370E15AB28A600BA15DD /* lookup-prefix.c */,
				55DB370F15AB28A600BA15DD /* lookup.c */,
				55DB371015AB28A600BA15DD /* node-create.c */,
				55DB371115AB28A600BA15DD /* node-destroy.c */,
				55DB371215AB28A600BA15DD /* remove.c */,
				55DB371315AB28A600BA15DD /* show-viz.c */,
				55DB371415AB28A600BA15DD /* walk-internal.c */,
				55CF70FD157E40FD006A2F3F /* impl.h */,
				55CF70FE157E40FD006A2F3F /* select.c */,
				55CF7101157E40FD006A2F3F /* show.c */,
				55CF7104157E40FD006A2F3F /* walk.c */,
			);
			name = bstree;
			path = ../../../libraries/datastruct/bstree;
			sourceTree = SOURCE_ROOT;
		};
		55CF7107157E40FD006A2F3F /* critbit */ = {
			isa = PBXGroup;
			children = (
				55DB36F015AB289700BA15DD /* count.c */,
				55DB36F115AB289700BA15DD /* create.c */,
				55DB36F215AB289700BA15DD /* destroy.c */,
				55DB36F315AB289700BA15DD /* extnode-create.c */,
				55DB36F415AB289700BA15DD /* extnode-destroy.c */,
				55DB36F515AB289700BA15DD /* insert.c */,
				55DB36F615AB289700BA15DD /* lookup-prefix.c */,
				55DB36F715AB289700BA15DD /* lookup.c */,
				55DB36F815AB289700BA15DD /* node-create.c */,
				55DB36F915AB289700BA15DD /* node-destroy.c */,
				55DB36FA15AB289700BA15DD /* remove.c */,
				55DB36FB15AB289700BA15DD /* show-viz.c */,
				55DB36FC15AB289700BA15DD /* walk-internal.c */,
				55CF710B157E40FD006A2F3F /* impl.h */,
				55CF710C157E40FD006A2F3F /* select.c */,
				55CF710F157E40FD006A2F3F /* show.c */,
				55CF7112157E40FD006A2F3F /* walk.c */,
			);
			name = critbit;
			path = ../../../libraries/datastruct/critbit;
			sourceTree = SOURCE_ROOT;
		};
		55CF7115157E40FD006A2F3F /* dstree */ = {
			isa = PBXGroup;
			children = (
				55DB36D415AB288B00BA15DD /* breadthwalk-internal.c */,
				55DB36D515AB288B00BA15DD /* count.c */,
				55DB36D615AB288B00BA15DD /* create.c */,
				55DB36D715AB288B00BA15DD /* destroy.c */,
				55DB36D815AB288B00BA15DD /* insert.c */,
				55DB36D915AB288B00BA15DD /* lookup-prefix.c */,
				55DB36DA15AB288B00BA15DD /* lookup.c */,
				55DB36DB15AB288B00BA15DD /* node-clear.c */,
				55DB36DC15AB288B00BA15DD /* node-create.c */,
				55DB36DD15AB288B00BA15DD /* node-destroy.c */,
				55DB36DE15AB288B00BA15DD /* remove.c */,
				55DB36DF15AB288B00BA15DD /* remove2.c */,
				55DB36E015AB288B00BA15DD /* show-viz.c */,
				55DB36E115AB288B00BA15DD /* walk-internal.c */,
				55CF7119157E40FD006A2F3F /* impl.h */,
				55CF711A157E40FD006A2F3F /* select.c */,
				55CF711D157E40FD006A2F3F /* show.c */,
				55CF7120157E40FD006A2F3F /* walk.c */,
			);
			name = dstree;
			path = ../../../libraries/datastruct/dstree;
			sourceTree = SOURCE_ROOT;
		};
		55CF7123157E40FD006A2F3F /* hash */ = {
			isa = PBXGroup;
			children = (
				55CF7124157E40FD006A2F3F /* count.c */,
				55CF7127157E40FD006A2F3F /* create.c */,
				55CF712A157E40FD006A2F3F /* destroy.c */,
				55CF712D157E40FD006A2F3F /* impl.h */,
				55CF712E157E40FD006A2F3F /* insert.c */,
				55CF7131157E40FD006A2F3F /* lookup-node.c */,
				55CF7134157E40FD006A2F3F /* lookup.c */,
				55CF7137157E40FD006A2F3F /* remove.c */,
				55CF713A157E40FD006A2F3F /* show.c */,
				55CF713D157E40FD006A2F3F /* walk-cont.c */,
				55CF7140157E40FD006A2F3F /* walk-internal.c */,
				55CF7143157E40FD006A2F3F /* walk.c */,
			);
			name = hash;
			path = ../../../libraries/datastruct/hash;
			sourceTree = SOURCE_ROOT;
		};
		55CF7146157E40FD006A2F3F /* linkedlist */ = {
			isa = PBXGroup;
			children = (
				55DB36C015AB287B00BA15DD /* count.c */,
				55DB36C115AB287B00BA15DD /* create.c */,
				55DB36C215AB287B00BA15DD /* destroy.c */,
				55DB36C315AB287B00BA15DD /* insert.c */,
				55DB36C415AB287B00BA15DD /* lookup-prefix.c */,
				55DB36C515AB287B00BA15DD /* lookup.c */,
				55DB36C615AB287B00BA15DD /* node-create.c */,
				55DB36C715AB287B00BA15DD /* node-destroy.c */,
				55DB36C815AB287B00BA15DD /* remove.c */,
				55DB36C915AB287B00BA15DD /* walk-internal.c */,
				55CF7147157E40FD006A2F3F /* impl.h */,
				55CF714B157E40FD006A2F3F /* select.c */,
				55CF714E157E40FD006A2F3F /* show.c */,
				55CF7151157E40FD006A2F3F /* walk.c */,
			);
			name = linkedlist;
			path = ../../../libraries/datastruct/linkedlist;
			sourceTree = SOURCE_ROOT;
		};
		55CF7154157E40FD006A2F3F /* orderedarray */ = {
			isa = PBXGroup;
			children = (
				55DB36AE15AB286F00BA15DD /* count.c */,
				55DB36AF15AB286F00BA15DD /* create.c */,
				55DB36B015AB286F00BA15DD /* destroy.c */,
				55DB36B115AB286F00BA15DD /* insert.c */,
				55DB36B215AB286F00BA15DD /* lookup-prefix.c */,
				55DB36B315AB286F00BA15DD /* lookup.c */,
				55DB36B415AB286F00BA15DD /* node-destroy.c */,
				55DB36B515AB286F00BA15DD /* remove.c */,
				55DB36B615AB286F00BA15DD /* walk-internal.c */,
				55CF7155157E40FD006A2F3F /* impl.h */,
				55CF7159157E40FD006A2F3F /* select.c */,
				55CF715C157E40FD006A2F3F /* show.c */,
				55CF715F157E40FD006A2F3F /* walk.c */,
			);
			name = orderedarray;
			path = ../../../libraries/datastruct/orderedarray;
			sourceTree = SOURCE_ROOT;
		};
		55CF7162157E40FD006A2F3F /* patricia */ = {
			isa = PBXGroup;
			children = (
				55DB369615AB286200BA15DD /* count.c */,
				55DB369715AB286200BA15DD /* create.c */,
				55DB369815AB286200BA15DD /* destroy.c */,
				55DB369915AB286200BA15DD /* insert.c */,
				55DB369A15AB286200BA15DD /* lookup-prefix.c */,
				55DB369B15AB286200BA15DD /* lookup.c */,
				55DB369C15AB286200BA15DD /* node-clear.c */,
				55DB369D15AB286200BA15DD /* node-create.c */,
				55DB369E15AB286200BA15DD /* node-destroy.c */,
				55DB369F15AB286200BA15DD /* remove.c */,
				55DB36A015AB286200BA15DD /* show-viz.c */,
				55DB36A115AB286200BA15DD /* walk-internal.c */,
				55CF7163157E40FD006A2F3F /* impl.h */,
				55CF7167157E40FD006A2F3F /* select.c */,
				55CF716A157E40FD006A2F3F /* show.c */,
				55CF716D157E40FD006A2F3F /* walk.c */,
			);
			name = patricia;
			path = ../../../libraries/datastruct/patricia;
			sourceTree = SOURCE_ROOT;
		};
		55CF7170157E40FD006A2F3F /* queue */ = {
			isa = PBXGroup;
			children = (
				55DB368715AB285000BA15DD /* impl.h */,
				55DB368815AB285000BA15DD /* count.c */,
				55DB368915AB285000BA15DD /* create.c */,
				55DB368A15AB285000BA15DD /* dequeue.c */,
				55DB368B15AB285000BA15DD /* destroy.c */,
				55DB368C15AB285000BA15DD /* empty.c */,
				55DB368D15AB285000BA15DD /* enqueue.c */,
				55DB368E15AB285000BA15DD /* full.c */,
				55CF7174157E40FD006A2F3F /* test */,
			);
			name = queue;
			path = ../../../libraries/datastruct/queue;
			sourceTree = SOURCE_ROOT;
		};
		55CF7174157E40FD006A2F3F /* test */ = {
			isa = PBXGroup;
			children = (
				55CF7175157E40FD006A2F3F /* test.c */,
			);
			name = test;
			path = ../../../libraries/datastruct/queue/test;
			sourceTree = SOURCE_ROOT;
		};
		55CF7178157E40FD006A2F3F /* trie */ = {
			isa = PBXGroup;
			children = (
				55DB366D15AB283C00BA15DD /* count.c */,
				55DB366E15AB283C00BA15DD /* destroy.c */,
				55DB366F15AB283C00BA15DD /* lookup.c */,
				55DB367015AB283C00BA15DD /* lookup-prefix.c */,
				55DB367115AB283C00BA15DD /* node-create.c */,
				55DB367215AB283C00BA15DD /* walk-internal.c */,
				55DB367315AB283C00BA15DD /* node-clear.c */,
				55DB367415AB283C00BA15DD /* node-destroy.c */,
				55DB367515AB283C00BA15DD /* insert.c */,
				55DB367615AB283C00BA15DD /* remove.c */,
				55DB367715AB283C00BA15DD /* breadthwalk-internal.c */,
				55DB367815AB283C00BA15DD /* show-viz.c */,
				55DB367915AB283C00BA15DD /* create.c */,
				55CF7179157E40FD006A2F3F /* impl.h */,
				55CF717A157E40FD006A2F3F /* select.c */,
				55CF717D157E40FD006A2F3F /* show.c */,
				55CF7183157E40FD006A2F3F /* walk.c */,
			);
			name = trie;
			path = ../../../libraries/datastruct/trie;
			sourceTree = SOURCE_ROOT;
		};
		55CF7186157E40FD006A2F3F /* keyval */ = {
			isa = PBXGroup;
			children = (
				55CF7187157E40FD006A2F3F /* char.c */,
				55CF718A157E40FD006A2F3F /* common.c */,
				55CF718D157E40FD006A2F3F /* int.c */,
				55CF7190157E40FD006A2F3F /* string.c */,
			);
			name = keyval;
			path = ../../../libraries/keyval;
			sourceTree = SOURCE_ROOT;
		};
		55CF7193157E40FD006A2F3F /* utils */ = {
			isa = PBXGroup;
			children = (
				55CF7194157E40FD006A2F3F /* primes.c */,
				55CF7197157E40FD006A2F3F /* utils.c */,
			);
			name = utils;
			path = ../../../libraries/utils;
			sourceTree = SOURCE_ROOT;
		};
		55CF7240157E40FE006A2F3F /* Products */ = {
			isa = PBXGroup;
			children = (
				55CF723F157E40FE006A2F3F /* Containers */,
				55EC22F81B5DA3A900AD9D28 /* libContainersLib.a */,
				55EC23961B5DBF3B00AD9D28 /* libAssociativesLib.a */,
			);
			name = Products;
			sourceTree = "<group>";
		};
		55CF7242157E41E7006A2F3F /* include */ = {
			isa = PBXGroup;
			children = (
				55CF7243157E41E7006A2F3F /* base */,
				55CF724F157E41E7006A2F3F /* container */,
				55CF725E157E41E7006A2F3F /* datastruct */,
				55CF7269157E41E7006A2F3F /* keyval */,
				55CF726F157E41E7006A2F3F /* utils */,
			);
			name = include;
			path = ../../../include;
			sourceTree = SOURCE_ROOT;
		};
		55CF7243157E41E7006A2F3F /* base */ = {
			isa = PBXGroup;
			children = (
				55CF7245157E41E7006A2F3F /* memento */,
				55CF724E157E41E7006A2F3F /* types.h */,
			);
			name = base;
			path = ../../../include/base;
			sourceTree = SOURCE_ROOT;
		};
		55CF7245157E41E7006A2F3F /* memento */ = {
			isa = PBXGroup;
			children = (
				55CF7246157E41E7006A2F3F /* memento.c */,
				55CF724A157E41E7006A2F3F /* memento.h */,
			);
			name = memento;
			path = ../../../include/base/memento;
			sourceTree = SOURCE_ROOT;
		};
		55CF724F157E41E7006A2F3F /* container */ = {
			isa = PBXGroup;
			children = (
				55CF7250157E41E7006A2F3F /* bstree.h */,
				55CF7251157E41E7006A2F3F /* critbit.h */,
				55CF7252157E41E7006A2F3F /* dstree.h */,
				55CF7253157E41E7006A2F3F /* hash.h */,
				55CF7254157E41E7006A2F3F /* interface */,
				55CF725A157E41E7006A2F3F /* linkedlist.h */,
				55CF725B157E41E7006A2F3F /* orderedarray.h */,
				55CF725C157E41E7006A2F3F /* patricia.h */,
				55CF725D157E41E7006A2F3F /* trie.h */,
			);
			name = container;
			path = ../../../include/container;
			sourceTree = SOURCE_ROOT;
		};
		55CF7254157E41E7006A2F3F /* interface */ = {
			isa = PBXGroup;
			children = (
				55CF7255157E41E7006A2F3F /* container.h */,
				55CF7256157E41E7006A2F3F /* key.h */,
				55CF7257157E41E7006A2F3F /* kv.h */,
				55CF7258157E41E7006A2F3F /* maker.h */,
				55CF7259157E41E7006A2F3F /* value.h */,
			);
			name = interface;
			path = ../../../include/container/interface;
			sourceTree = SOURCE_ROOT;
		};
		55CF725E157E41E7006A2F3F /* datastruct */ = {
			isa = PBXGroup;
			children = (
				55CF725F157E41E7006A2F3F /* bstree.h */,
				55CF7260157E41E7006A2F3F /* critbit.h */,
				55CF7261157E41E7006A2F3F /* dstree.h */,
				55CF7262157E41E7006A2F3F /* hash.h */,
				55CF7263157E41E7006A2F3F /* item.h */,
				55CF7264157E41E7006A2F3F /* linkedlist.h */,
				55CF7265157E41E7006A2F3F /* orderedarray.h */,
				55CF7266157E41E7006A2F3F /* patricia.h */,
				55CF7267157E41E7006A2F3F /* queue.h */,
				55CF7268157E41E7006A2F3F /* trie.h */,
			);
			name = datastruct;
			path = ../../../include/datastruct;
			sourceTree = SOURCE_ROOT;
		};
		55CF7269157E41E7006A2F3F /* keyval */ = {
			isa = PBXGroup;
			children = (
				55CF726A157E41E7006A2F3F /* char.h */,
				55CF726B157E41E7006A2F3F /* common.h */,
				55CF726C157E41E7006A2F3F /* int.h */,
				55CF726D157E41E7006A2F3F /* kv.h */,
				55CF726E157E41E7006A2F3F /* string.h */,
			);
			name = keyval;
			path = ../../../include/keyval;
			sourceTree = SOURCE_ROOT;
		};
		55CF726F157E41E7006A2F3F /* utils */ = {
			isa = PBXGroup;
			children = (
				55CF7270157E41E7006A2F3F /* primes.h */,
				55CF7271157E41E7006A2F3F /* utils.h */,
			);
			name = utils;
			path = ../../../include/utils;
			sourceTree = SOURCE_ROOT;
		};
		55CF728C157E43EE006A2F3F /* apps */ = {
			isa = PBXGroup;
			children = (
				55CF728D157E4400006A2F3F /* container-test */,
			);
			name = apps;
			sourceTree = "<group>";
		};
		55CF728D157E4400006A2F3F /* container-test */ = {
			isa = PBXGroup;
			children = (
				55CF728E157E4400006A2F3F /* main.c */,
				55CF7291157E4400006A2F3F /* test.c */,
				55CF7293157E4400006A2F3F /* test.h */,
				55CF7295157E4400006A2F3F /* testdata.h */,
			);
			name = "container-test";
			path = "../../../apps/container-test";
			sourceTree = SOURCE_ROOT;
		};
/* End PBXGroup section */

/* Begin PBXHeadersBuildPhase section */
		55EC22F61B5DA3A900AD9D28 /* Headers */ = {
			isa = PBXHeadersBuildPhase;
			buildActionMask = 2147483647;
			files = (
			);
			runOnlyForDeploymentPostprocessing = 0;
		};
		55EC23941B5DBF3B00AD9D28 /* Headers */ = {
			isa = PBXHeadersBuildPhase;
			buildActionMask = 2147483647;
			files = (
			);
			runOnlyForDeploymentPostprocessing = 0;
		};
/* End PBXHeadersBuildPhase section */

/* Begin PBXNativeTarget section */
		55EC22F71B5DA3A900AD9D28 /* ContainersLib */ = {
			isa = PBXNativeTarget;
			buildConfigurationList = 55EC22F91B5DA3A900AD9D28 /* Build configuration list for PBXNativeTarget "ContainersLib" */;
			buildPhases = (
				55EC22F41B5DA3A900AD9D28 /* Sources */,
				55EC22F51B5DA3A900AD9D28 /* Frameworks */,
				55EC22F61B5DA3A900AD9D28 /* Headers */,
			);
			buildRules = (
			);
			dependencies = (
			);
			name = ContainersLib;
			productName = Containers;
			productReference = 55EC22F81B5DA3A900AD9D28 /* libContainersLib.a */;
			productType = "com.apple.product-type.library.static";
		};
		55EC23951B5DBF3B00AD9D28 /* AssociativesLib */ = {
			isa = PBXNativeTarget;
			buildConfigurationList = 55EC23971B5DBF3B00AD9D28 /* Build configuration list for PBXNativeTarget "AssociativesLib" */;
			buildPhases = (
				55EC23921B5DBF3B00AD9D28 /* Sources */,
				55EC23931B5DBF3B00AD9D28 /* Frameworks */,
				55EC23941B5DBF3B00AD9D28 /* Headers */,
			);
			buildRules = (
			);
			dependencies = (
			);
			name = AssociativesLib;
			productName = Associatives;
			productReference = 55EC23961B5DBF3B00AD9D28 /* libAssociativesLib.a */;
			productType = "com.apple.product-type.library.static";
		};
		8DD76FA90486AB0100D96B5E /* ContainersLibTest */ = {
			isa = PBXNativeTarget;
			buildConfigurationList = 1DEB928508733DD80010E9CD /* Build configuration list for PBXNativeTarget "ContainersLibTest" */;
			buildPhases = (
				8DD76FAB0486AB0100D96B5E /* Sources */,
				8DD76FAD0486AB0100D96B5E /* Frameworks */,
				8DD76FAF0486AB0100D96B5E /* CopyFiles */,
			);
			buildRules = (
			);
			dependencies = (
				55EC239B1B5DBF4300AD9D28 /* PBXTargetDependency */,
				55EC22FD1B5DA3D300AD9D28 /* PBXTargetDependency */,
			);
			name = ContainersLibTest;
			productInstallPath = "$(HOME)/bin";
			productName = Containers;
			productReference = 55CF723F157E40FE006A2F3F /* Containers */;
			productType = "com.apple.product-type.tool";
		};
/* End PBXNativeTarget section */

/* Begin PBXProject section */
		08FB7793FE84155DC02AAC07 /* Project object */ = {
			isa = PBXProject;
			attributes = {
				BuildIndependentTargetsInParallel = YES;
				LastUpgradeCheck = 0700;
				TargetAttributes = {
					55EC22F71B5DA3A900AD9D28 = {
						CreatedOnToolsVersion = 7.0;
					};
					55EC23951B5DBF3B00AD9D28 = {
						CreatedOnToolsVersion = 7.0;
					};
				};
			};
			buildConfigurationList = 1DEB928908733DD80010E9CD /* Build configuration list for PBXProject "Containers" */;
			compatibilityVersion = "Xcode 6.3";
			developmentRegion = English;
			hasScannedForEncodings = 1;
			knownRegions = (
				English,
				Japanese,
				French,
				German,
			);
			mainGroup = 08FB7794FE84155DC02AAC07 /* Containers */;
			productRefGroup = 55CF7240157E40FE006A2F3F /* Products */;
			projectDirPath = "";
			projectRoot = "";
			targets = (
				55EC23951B5DBF3B00AD9D28 /* AssociativesLib */,
				55EC22F71B5DA3A900AD9D28 /* ContainersLib */,
				8DD76FA90486AB0100D96B5E /* ContainersLibTest */,
			);
		};
/* End PBXProject section */

/* Begin PBXSourcesBuildPhase section */
		55EC22F41B5DA3A900AD9D28 /* Sources */ = {
			isa = PBXSourcesBuildPhase;
			buildActionMask = 2147483647;
			files = (
				55EC23001B5DA42000AD9D28 /* memento.c in Sources */,
				55EC23011B5DA42000AD9D28 /* bstree.c in Sources */,
				55EC23021B5DA42000AD9D28 /* critbit.c in Sources */,
				55EC23031B5DA42000AD9D28 /* dstree.c in Sources */,
				55EC23041B5DA42000AD9D28 /* hash.c in Sources */,
				55EC23051B5DA42000AD9D28 /* linkedlist.c in Sources */,
				55EC23061B5DA42000AD9D28 /* orderedarray.c in Sources */,
				55EC23071B5DA42000AD9D28 /* patricia.c in Sources */,
				55EC23081B5DA42000AD9D28 /* trie.c in Sources */,
				55EC23791B5DA42100AD9D28 /* count.c in Sources */,
				55EC237A1B5DA42100AD9D28 /* destroy.c in Sources */,
				55EC237B1B5DA42100AD9D28 /* lookup.c in Sources */,
				55EC237C1B5DA42200AD9D28 /* lookup-prefix.c in Sources */,
				55EC237D1B5DA42200AD9D28 /* node-create.c in Sources */,
				55EC237E1B5DA42200AD9D28 /* walk-internal.c in Sources */,
				55EC237F1B5DA42200AD9D28 /* node-clear.c in Sources */,
				55EC23801B5DA42200AD9D28 /* node-destroy.c in Sources */,
				55EC23811B5DA42200AD9D28 /* insert.c in Sources */,
				55EC23821B5DA42200AD9D28 /* remove.c in Sources */,
				55EC23831B5DA42200AD9D28 /* breadthwalk-internal.c in Sources */,
				55EC23841B5DA42200AD9D28 /* show-viz.c in Sources */,
				55EC23851B5DA42200AD9D28 /* create.c in Sources */,
				55EC23871B5DA42200AD9D28 /* select.c in Sources */,
				55EC23881B5DA42200AD9D28 /* show.c in Sources */,
				55EC23891B5DA42200AD9D28 /* walk.c in Sources */,
				55EC238A1B5DA42200AD9D28 /* char.c in Sources */,
				55EC238B1B5DA42200AD9D28 /* common.c in Sources */,
				55EC238C1B5DA42200AD9D28 /* int.c in Sources */,
				55EC238D1B5DA42200AD9D28 /* string.c in Sources */,
			);
			runOnlyForDeploymentPostprocessing = 0;
		};
		55EC23921B5DBF3B00AD9D28 /* Sources */ = {
			isa = PBXSourcesBuildPhase;
			buildActionMask = 2147483647;
			files = (
				55EC24081B5DC03300AD9D28 /* show.c in Sources */,
				55EC23AD1B5DC00600AD9D28 /* count.c in Sources */,
				55EC23B31B5DC00600AD9D28 /* full.c in Sources */,
				55EC23C91B5DC02300AD9D28 /* lookup-node.c in Sources */,
				55EC23E91B5DC02D00AD9D28 /* breadthwalk-internal.c in Sources */,
				55EC23BF1B5DC00C00AD9D28 /* show-viz.c in Sources */,
				55EC24011B5DC03300AD9D28 /* lookup.c in Sources */,
				55EC23E11B5DC02300AD9D28 /* lookup-prefix.c in Sources */,
				55EC24021B5DC03300AD9D28 /* node-create.c in Sources */,
				55EC23F11B5DC02D00AD9D28 /* node-create.c in Sources */,
				55EC23B81B5DC00C00AD9D28 /* insert.c in Sources */,
				55EC23F01B5DC02D00AD9D28 /* node-clear.c in Sources */,
				55EC23E81B5DC02300AD9D28 /* walk.c in Sources */,
				55EC23CF1B5DC02300AD9D28 /* walk.c in Sources */,
				55EC24031B5DC03300AD9D28 /* node-destroy.c in Sources */,
				55EC24091B5DC03300AD9D28 /* walk.c in Sources */,
				55EC23BE1B5DC00C00AD9D28 /* remove.c in Sources */,
				55EC23AA1B5DBFE400AD9D28 /* show.c in Sources */,
				55EC240B1B5F016200AD9D28 /* utils.c in Sources */,
				55EC23CA1B5DC02300AD9D28 /* lookup.c in Sources */,
				55EC23E71B5DC02300AD9D28 /* show.c in Sources */,
				55EC23FA1B5DC03300AD9D28 /* count.c in Sources */,
				55EC23FC1B5DC03300AD9D28 /* destroy.c in Sources */,
				55EC23C41B5DC00C00AD9D28 /* walk.c in Sources */,
				55EC23ED1B5DC02D00AD9D28 /* insert.c in Sources */,
				55EC23E41B5DC02300AD9D28 /* remove.c in Sources */,
				55EC23A61B5DBFE400AD9D28 /* show-viz.c in Sources */,
				55EC23B71B5DC00C00AD9D28 /* destroy.c in Sources */,
				55EC23A31B5DBFE400AD9D28 /* node-create.c in Sources */,
				55EC23D71B5DC02300AD9D28 /* node-destroy.c in Sources */,
				55EC23F41B5DC02D00AD9D28 /* remove2.c in Sources */,
				55EC23F61B5DC02D00AD9D28 /* walk-internal.c in Sources */,
				55EC23F71B5DC02D00AD9D28 /* select.c in Sources */,
				55EC24071B5DC03300AD9D28 /* select.c in Sources */,
				55EC23C71B5DC02300AD9D28 /* destroy.c in Sources */,
				55EC23E61B5DC02300AD9D28 /* select.c in Sources */,
				55EC23D81B5DC02300AD9D28 /* remove.c in Sources */,
				55EC23BA1B5DC00C00AD9D28 /* lookup.c in Sources */,
				55EC23B61B5DC00C00AD9D28 /* create.c in Sources */,
				55EC23FF1B5DC03300AD9D28 /* insert.c in Sources */,
				55EC23D21B5DC02300AD9D28 /* destroy.c in Sources */,
				55EC23D41B5DC02300AD9D28 /* lookup-prefix.c in Sources */,
				55EC23FE1B5DC03300AD9D28 /* extnode-destroy.c in Sources */,
				55EC23F51B5DC02D00AD9D28 /* show-viz.c in Sources */,
				55EC239D1B5DBFE400AD9D28 /* count.c in Sources */,
				55EC23A21B5DBFE400AD9D28 /* lookup.c in Sources */,
				55EC23EF1B5DC02D00AD9D28 /* lookup.c in Sources */,
				55EC23C21B5DC00C00AD9D28 /* select.c in Sources */,
				55EC239F1B5DBFE400AD9D28 /* destroy.c in Sources */,
				55EC23CE1B5DC02300AD9D28 /* walk-internal.c in Sources */,
				55EC23A51B5DBFE400AD9D28 /* remove.c in Sources */,
				55EC23B51B5DC00C00AD9D28 /* count.c in Sources */,
				55EC23CD1B5DC02300AD9D28 /* walk-cont.c in Sources */,
				55EC23AF1B5DC00600AD9D28 /* dequeue.c in Sources */,
				55EC240A1B5F016200AD9D28 /* primes.c in Sources */,
				55EC23DD1B5DC02300AD9D28 /* count.c in Sources */,
				55EC24041B5DC03300AD9D28 /* remove.c in Sources */,
				55EC23E21B5DC02300AD9D28 /* lookup.c in Sources */,
				55EC23F31B5DC02D00AD9D28 /* remove.c in Sources */,
				55EC23A41B5DBFE400AD9D28 /* node-destroy.c in Sources */,
				55EC23DC1B5DC02300AD9D28 /* walk.c in Sources */,
				55EC23BC1B5DC00C00AD9D28 /* node-create.c in Sources */,
				55EC23F21B5DC02D00AD9D28 /* node-destroy.c in Sources */,
				55EC23CB1B5DC02300AD9D28 /* remove.c in Sources */,
				55EC23C81B5DC02300AD9D28 /* insert.c in Sources */,
				55EC23FD1B5DC03300AD9D28 /* extnode-create.c in Sources */,
				55EC23EE1B5DC02D00AD9D28 /* lookup-prefix.c in Sources */,
				55EC23AB1B5DBFE400AD9D28 /* walk.c in Sources */,
				55EC23DB1B5DC02300AD9D28 /* show.c in Sources */,
				55EC23EB1B5DC02D00AD9D28 /* create.c in Sources */,
				55EC23C01B5DC00C00AD9D28 /* walk-internal.c in Sources */,
				55EC23D61B5DC02300AD9D28 /* node-create.c in Sources */,
				55EC23F91B5DC02D00AD9D28 /* walk.c in Sources */,
				55EC23A01B5DBFE400AD9D28 /* insert.c in Sources */,
				55EC23D31B5DC02300AD9D28 /* insert.c in Sources */,
				55EC23B91B5DC00C00AD9D28 /* lookup-prefix.c in Sources */,
				55EC23D01B5DC02300AD9D28 /* count.c in Sources */,
				55EC239E1B5DBFE400AD9D28 /* create.c in Sources */,
				55EC23D11B5DC02300AD9D28 /* create.c in Sources */,
				55EC23C31B5DC00C00AD9D28 /* show.c in Sources */,
				55EC23E01B5DC02300AD9D28 /* insert.c in Sources */,
				55EC23B11B5DC00600AD9D28 /* empty.c in Sources */,
				55EC23A91B5DBFE400AD9D28 /* select.c in Sources */,
				55EC23FB1B5DC03300AD9D28 /* create.c in Sources */,
				55EC24051B5DC03300AD9D28 /* show-viz.c in Sources */,
				55EC23AE1B5DC00600AD9D28 /* create.c in Sources */,
				55EC23D51B5DC02300AD9D28 /* lookup.c in Sources */,
				55EC23D91B5DC02300AD9D28 /* walk-internal.c in Sources */,
				55EC23A71B5DBFE400AD9D28 /* walk-internal.c in Sources */,
				55EC23CC1B5DC02300AD9D28 /* show.c in Sources */,
				55EC23B01B5DC00600AD9D28 /* destroy.c in Sources */,
				55EC23B21B5DC00600AD9D28 /* enqueue.c in Sources */,
				55EC23EC1B5DC02D00AD9D28 /* destroy.c in Sources */,
				55EC23A11B5DBFE400AD9D28 /* lookup-prefix.c in Sources */,
				55EC23E31B5DC02300AD9D28 /* node-destroy.c in Sources */,
				55EC24001B5DC03300AD9D28 /* lookup-prefix.c in Sources */,
				55EC23DA1B5DC02300AD9D28 /* select.c in Sources */,
				55EC23DE1B5DC02300AD9D28 /* create.c in Sources */,
				55EC23F81B5DC02D00AD9D28 /* show.c in Sources */,
				55EC23C51B5DC02300AD9D28 /* count.c in Sources */,
				55EC23C61B5DC02300AD9D28 /* create.c in Sources */,
				55EC23E51B5DC02300AD9D28 /* walk-internal.c in Sources */,
				55EC23BD1B5DC00C00AD9D28 /* node-destroy.c in Sources */,
				55EC23EA1B5DC02D00AD9D28 /* count.c in Sources */,
				55EC23DF1B5DC02300AD9D28 /* destroy.c in Sources */,
				55EC23BB1B5DC00C00AD9D28 /* node-clear.c in Sources */,
				55EC24061B5DC03300AD9D28 /* walk-internal.c in Sources */,
			);
			runOnlyForDeploymentPostprocessing = 0;
		};
		8DD76FAB0486AB0100D96B5E /* Sources */ = {
			isa = PBXSourcesBuildPhase;
			buildActionMask = 2147483647;
			files = (
				55EC23911B5DA71200AD9D28 /* test.c in Sources */,
				55EC22FE1B5DA3F800AD9D28 /* main.c in Sources */,
				55EC22FF1B5DA3F800AD9D28 /* test.c in Sources */,
			);
			runOnlyForDeploymentPostprocessing = 0;
		};
/* End PBXSourcesBuildPhase section */

/* Begin PBXTargetDependency section */
		55EC22FD1B5DA3D300AD9D28 /* PBXTargetDependency */ = {
			isa = PBXTargetDependency;
			target = 55EC22F71B5DA3A900AD9D28 /* ContainersLib */;
			targetProxy = 55EC22FC1B5DA3D300AD9D28 /* PBXContainerItemProxy */;
		};
		55EC239B1B5DBF4300AD9D28 /* PBXTargetDependency */ = {
			isa = PBXTargetDependency;
			target = 55EC23951B5DBF3B00AD9D28 /* AssociativesLib */;
			targetProxy = 55EC239A1B5DBF4300AD9D28 /* PBXContainerItemProxy */;
		};
/* End PBXTargetDependency section */

/* Begin XCBuildConfiguration section */
		1DEB928608733DD80010E9CD /* Debug */ = {
			isa = XCBuildConfiguration;
			buildSettings = {
				ALWAYS_SEARCH_USER_PATHS = NO;
				COPY_PHASE_STRIP = NO;
				GCC_DYNAMIC_NO_PIC = NO;
				GCC_OPTIMIZATION_LEVEL = 0;
				INSTALL_PATH = /usr/local/bin;
				PRODUCT_NAME = Containers;
			};
			name = Debug;
		};
		1DEB928708733DD80010E9CD /* Release */ = {
			isa = XCBuildConfiguration;
			buildSettings = {
				ALWAYS_SEARCH_USER_PATHS = NO;
				INSTALL_PATH = /usr/local/bin;
				PRODUCT_NAME = Containers;
			};
			name = Release;
		};
		1DEB928A08733DD80010E9CD /* Debug */ = {
			isa = XCBuildConfiguration;
			buildSettings = {
				CLANG_WARN_EMPTY_BODY = YES;
				CLANG_WARN_IMPLICIT_SIGN_CONVERSION = YES;
				CLANG_WARN_SUSPICIOUS_IMPLICIT_CONVERSION = YES;
				DEBUG_INFORMATION_FORMAT = dwarf;
				ENABLE_TESTABILITY = YES;
				GCC_C_LANGUAGE_STANDARD = c99;
				GCC_ENABLE_ASM_KEYWORD = NO;
				GCC_OPTIMIZATION_LEVEL = 0;
				GCC_SYMBOLS_PRIVATE_EXTERN = NO;
				GCC_TREAT_IMPLICIT_FUNCTION_DECLARATIONS_AS_ERRORS = YES;
				GCC_TREAT_INCOMPATIBLE_POINTER_TYPE_WARNINGS_AS_ERRORS = YES;
				GCC_VERSION = "";
				GCC_WARN_64_TO_32_BIT_CONVERSION = YES;
				GCC_WARN_ABOUT_MISSING_FIELD_INITIALIZERS = YES;
				GCC_WARN_ABOUT_MISSING_NEWLINE = YES;
				GCC_WARN_ABOUT_MISSING_PROTOTYPES = YES;
				GCC_WARN_ABOUT_RETURN_TYPE = YES;
				GCC_WARN_FOUR_CHARACTER_CONSTANTS = YES;
				GCC_WARN_INITIALIZER_NOT_FULLY_BRACKETED = YES;
				GCC_WARN_SHADOW = YES;
				GCC_WARN_SIGN_COMPARE = YES;
				GCC_WARN_UNINITIALIZED_AUTOS = YES;
				GCC_WARN_UNKNOWN_PRAGMAS = YES;
				GCC_WARN_UNUSED_FUNCTION = YES;
				GCC_WARN_UNUSED_LABEL = YES;
				GCC_WARN_UNUSED_PARAMETER = YES;
				GCC_WARN_UNUSED_VARIABLE = YES;
				HEADER_SEARCH_PATHS = "\"$(SRCROOT)/../../../include\"";
				MACOSX_DEPLOYMENT_TARGET = "";
				LLVM_LTO = NO;
				ONLY_ACTIVE_ARCH = YES;
				RUN_CLANG_STATIC_ANALYZER = YES;
				SCAN_ALL_SOURCE_FILES_FOR_INCLUDES = NO;
			};
			name = Debug;
		};
		1DEB928B08733DD80010E9CD /* Release */ = {
			isa = XCBuildConfiguration;
			buildSettings = {
				CLANG_WARN_EMPTY_BODY = YES;
				CLANG_WARN_IMPLICIT_SIGN_CONVERSION = YES;
				CLANG_WARN_SUSPICIOUS_IMPLICIT_CONVERSION = YES;
				DEBUG_INFORMATION_FORMAT = dwarf;
				GCC_C_LANGUAGE_STANDARD = c99;
				GCC_ENABLE_ASM_KEYWORD = NO;
				GCC_SYMBOLS_PRIVATE_EXTERN = NO;
				GCC_TREAT_IMPLICIT_FUNCTION_DECLARATIONS_AS_ERRORS = YES;
				GCC_TREAT_INCOMPATIBLE_POINTER_TYPE_WARNINGS_AS_ERRORS = YES;
				GCC_VERSION = "";
				GCC_WARN_64_TO_32_BIT_CONVERSION = YES;
				GCC_WARN_ABOUT_MISSING_FIELD_INITIALIZERS = YES;
				GCC_WARN_ABOUT_MISSING_NEWLINE = YES;
				GCC_WARN_ABOUT_MISSING_PROTOTYPES = YES;
				GCC_WARN_ABOUT_RETURN_TYPE = YES;
				GCC_WARN_FOUR_CHARACTER_CONSTANTS = YES;
				GCC_WARN_INITIALIZER_NOT_FULLY_BRACKETED = YES;
				GCC_WARN_SHADOW = YES;
				GCC_WARN_SIGN_COMPARE = YES;
				GCC_WARN_UNINITIALIZED_AUTOS = YES;
				GCC_WARN_UNKNOWN_PRAGMAS = YES;
				GCC_WARN_UNUSED_FUNCTION = YES;
				GCC_WARN_UNUSED_LABEL = YES;
				GCC_WARN_UNUSED_PARAMETER = YES;
				GCC_WARN_UNUSED_VARIABLE = YES;
				HEADER_SEARCH_PATHS = "\"$(SRCROOT)/../../../include\"";
				MACOSX_DEPLOYMENT_TARGET = "";
				LLVM_LTO = NO;
				ONLY_ACTIVE_ARCH = NO;
				RUN_CLANG_STATIC_ANALYZER = YES;
				SCAN_ALL_SOURCE_FILES_FOR_INCLUDES = NO;
			};
			name = Release;
		};
		55EC22FA1B5DA3A900AD9D28 /* Debug */ = {
			isa = XCBuildConfiguration;
			buildSettings = {
				ALWAYS_SEARCH_USER_PATHS = NO;
				CLANG_CXX_LANGUAGE_STANDARD = "gnu++0x";
				CLANG_CXX_LIBRARY = "libc++";
				CLANG_ENABLE_MODULES = YES;
				CLANG_ENABLE_OBJC_ARC = YES;
				CLANG_WARN_BOOL_CONVERSION = YES;
				CLANG_WARN_CONSTANT_CONVERSION = YES;
				CLANG_WARN_DIRECT_OBJC_ISA_USAGE = YES_ERROR;
				CLANG_WARN_ENUM_CONVERSION = YES;
				CLANG_WARN_INT_CONVERSION = YES;
				CLANG_WARN_OBJC_ROOT_CLASS = YES_ERROR;
				CLANG_WARN_UNREACHABLE_CODE = YES;
				CLANG_WARN__DUPLICATE_METHOD_MATCH = YES;
				COMBINE_HIDPI_IMAGES = YES;
				COPY_PHASE_STRIP = NO;
				ENABLE_STRICT_OBJC_MSGSEND = YES;
				EXECUTABLE_PREFIX = lib;
				GCC_C_LANGUAGE_STANDARD = gnu99;
				GCC_DYNAMIC_NO_PIC = NO;
				GCC_NO_COMMON_BLOCKS = YES;
				GCC_PREPROCESSOR_DEFINITIONS = (
					"DEBUG=1",
					"$(inherited)",
				);
				GCC_WARN_ABOUT_RETURN_TYPE = YES_ERROR;
				GCC_WARN_UNDECLARED_SELECTOR = YES;
				GCC_WARN_UNINITIALIZED_AUTOS = YES_AGGRESSIVE;
				MACOSX_DEPLOYMENT_TARGET = 10.10;
				PRODUCT_NAME = "$(TARGET_NAME)";
				SDKROOT = macosx;
			};
			name = Debug;
		};
		55EC22FB1B5DA3A900AD9D28 /* Release */ = {
			isa = XCBuildConfiguration;
			buildSettings = {
				ALWAYS_SEARCH_USER_PATHS = NO;
				CLANG_CXX_LANGUAGE_STANDARD = "gnu++0x";
				CLANG_CXX_LIBRARY = "libc++";
				CLANG_ENABLE_MODULES = YES;
				CLANG_ENABLE_OBJC_ARC = YES;
				CLANG_WARN_BOOL_CONVERSION = YES;
				CLANG_WARN_CONSTANT_CONVERSION = YES;
				CLANG_WARN_DIRECT_OBJC_ISA_USAGE = YES_ERROR;
				CLANG_WARN_ENUM_CONVERSION = YES;
				CLANG_WARN_INT_CONVERSION = YES;
				CLANG_WARN_OBJC_ROOT_CLASS = YES_ERROR;
				CLANG_WARN_UNREACHABLE_CODE = YES;
				CLANG_WARN__DUPLICATE_METHOD_MATCH = YES;
				COMBINE_HIDPI_IMAGES = YES;
				COPY_PHASE_STRIP = NO;
				DEBUG_INFORMATION_FORMAT = "dwarf-with-dsym";
				ENABLE_NS_ASSERTIONS = NO;
				ENABLE_STRICT_OBJC_MSGSEND = YES;
				EXECUTABLE_PREFIX = lib;
				GCC_C_LANGUAGE_STANDARD = gnu99;
				GCC_NO_COMMON_BLOCKS = YES;
				GCC_WARN_ABOUT_RETURN_TYPE = YES_ERROR;
				GCC_WARN_UNDECLARED_SELECTOR = YES;
				GCC_WARN_UNINITIALIZED_AUTOS = YES_AGGRESSIVE;
				MACOSX_DEPLOYMENT_TARGET = 10.10;
				PRODUCT_NAME = "$(TARGET_NAME)";
				SDKROOT = macosx;
			};
			name = Release;
		};
		55EC23981B5DBF3B00AD9D28 /* Debug */ = {
			isa = XCBuildConfiguration;
			buildSettings = {
				ALWAYS_SEARCH_USER_PATHS = NO;
				CLANG_CXX_LANGUAGE_STANDARD = "gnu++0x";
				CLANG_CXX_LIBRARY = "libc++";
				CLANG_ENABLE_MODULES = YES;
				CLANG_ENABLE_OBJC_ARC = YES;
				CLANG_WARN_BOOL_CONVERSION = YES;
				CLANG_WARN_CONSTANT_CONVERSION = YES;
				CLANG_WARN_DIRECT_OBJC_ISA_USAGE = YES_ERROR;
				CLANG_WARN_ENUM_CONVERSION = YES;
				CLANG_WARN_INT_CONVERSION = YES;
				CLANG_WARN_OBJC_ROOT_CLASS = YES_ERROR;
				CLANG_WARN_UNREACHABLE_CODE = YES;
				CLANG_WARN__DUPLICATE_METHOD_MATCH = YES;
				COPY_PHASE_STRIP = NO;
				ENABLE_STRICT_OBJC_MSGSEND = YES;
				EXECUTABLE_PREFIX = lib;
				GCC_C_LANGUAGE_STANDARD = gnu99;
				GCC_DYNAMIC_NO_PIC = NO;
				GCC_NO_COMMON_BLOCKS = YES;
				GCC_PREPROCESSOR_DEFINITIONS = (
					"DEBUG=1",
					"$(inherited)",
				);
				GCC_WARN_ABOUT_RETURN_TYPE = YES_ERROR;
				GCC_WARN_UNDECLARED_SELECTOR = YES;
				GCC_WARN_UNINITIALIZED_AUTOS = YES_AGGRESSIVE;
				MACOSX_DEPLOYMENT_TARGET = 10.10;
				MTL_ENABLE_DEBUG_INFO = YES;
				PRODUCT_NAME = "$(TARGET_NAME)";
				SDKROOT = macosx;
			};
			name = Debug;
		};
		55EC23991B5DBF3B00AD9D28 /* Release */ = {
			isa = XCBuildConfiguration;
			buildSettings = {
				ALWAYS_SEARCH_USER_PATHS = NO;
				CLANG_CXX_LANGUAGE_STANDARD = "gnu++0x";
				CLANG_CXX_LIBRARY = "libc++";
				CLANG_ENABLE_MODULES = YES;
				CLANG_ENABLE_OBJC_ARC = YES;
				CLANG_WARN_BOOL_CONVERSION = YES;
				CLANG_WARN_CONSTANT_CONVERSION = YES;
				CLANG_WARN_DIRECT_OBJC_ISA_USAGE = YES_ERROR;
				CLANG_WARN_ENUM_CONVERSION = YES;
				CLANG_WARN_INT_CONVERSION = YES;
				CLANG_WARN_OBJC_ROOT_CLASS = YES_ERROR;
				CLANG_WARN_UNREACHABLE_CODE = YES;
				CLANG_WARN__DUPLICATE_METHOD_MATCH = YES;
				COPY_PHASE_STRIP = NO;
				DEBUG_INFORMATION_FORMAT = "dwarf-with-dsym";
				ENABLE_NS_ASSERTIONS = NO;
				ENABLE_STRICT_OBJC_MSGSEND = YES;
				EXECUTABLE_PREFIX = lib;
				GCC_C_LANGUAGE_STANDARD = gnu99;
				GCC_NO_COMMON_BLOCKS = YES;
				GCC_WARN_ABOUT_RETURN_TYPE = YES_ERROR;
				GCC_WARN_UNDECLARED_SELECTOR = YES;
				GCC_WARN_UNINITIALIZED_AUTOS = YES_AGGRESSIVE;
				MACOSX_DEPLOYMENT_TARGET = 10.10;
				MTL_ENABLE_DEBUG_INFO = NO;
				PRODUCT_NAME = "$(TARGET_NAME)";
				SDKROOT = macosx;
			};
			name = Release;
		};
/* End XCBuildConfiguration section */

/* Begin XCConfigurationList section */
		1DEB928508733DD80010E9CD /* Build configuration list for PBXNativeTarget "ContainersLibTest" */ = {
			isa = XCConfigurationList;
			buildConfigurations = (
				1DEB928608733DD80010E9CD /* Debug */,
				1DEB928708733DD80010E9CD /* Release */,
			);
			defaultConfigurationIsVisible = 0;
			defaultConfigurationName = Release;
		};
		1DEB928908733DD80010E9CD /* Build configuration list for PBXProject "Containers" */ = {
			isa = XCConfigurationList;
			buildConfigurations = (
				1DEB928A08733DD80010E9CD /* Debug */,
				1DEB928B08733DD80010E9CD /* Release */,
			);
			defaultConfigurationIsVisible = 0;
			defaultConfigurationName = Release;
		};
		55EC22F91B5DA3A900AD9D28 /* Build configuration list for PBXNativeTarget "ContainersLib" */ = {
			isa = XCConfigurationList;
			buildConfigurations = (
				55EC22FA1B5DA3A900AD9D28 /* Debug */,
				55EC22FB1B5DA3A900AD9D28 /* Release */,
			);
			defaultConfigurationIsVisible = 0;
			defaultConfigurationName = Release;
		};
		55EC23971B5DBF3B00AD9D28 /* Build configuration list for PBXNativeTarget "AssociativesLib" */ = {
			isa = XCConfigurationList;
			buildConfigurations = (
				55EC23981B5DBF3B00AD9D28 /* Debug */,
				55EC23991B5DBF3B00AD9D28 /* Release */,
			);
			defaultConfigurationIsVisible = 0;
			defaultConfigurationName = Release;
		};
/* End XCConfigurationList section */
	};
	rootObject = 08FB7793FE84155DC02AAC07 /* Project object */;
}
