
Microsoft Visual Studio Solution File, Format Version 10.00
# Visual Studio 2008
Project("{8BC9CEB8-8B4A-11D0-8D11-00A0C91BC942}") = "base", "base\base.vcproj", "{D2B50862-C62E-468C-A4B2-E00B0C8538BF}"
EndProject
Project("{8BC9CEB8-8B4A-11D0-8D11-00A0C91BC942}") = "datastruct-common", "datastruct\datastruct.vcproj", "{2F8C682E-EC49-46D3-A9B5-6A3DC0CAC928}"
	ProjectSection(ProjectDependencies) = postProject
		{E3452538-6D3B-42FF-BA99-647C726730BB} = {E3452538-6D3B-42FF-BA99-647C726730BB}
		{D2B50862-C62E-468C-A4B2-E00B0C8538BF} = {D2B50862-C62E-468C-A4B2-E00B0C8538BF}
		{CAB08FDA-2F6B-4927-8999-16949A89EFEB} = {CAB08FDA-2F6B-4927-8999-16949A89EFEB}
	EndProjectSection
EndProject
Project("{8BC9CEB8-8B4A-11D0-8D11-00A0C91BC942}") = "keyval", "keyval\keyval.vcproj", "{E3452538-6D3B-42FF-BA99-647C726730BB}"
	ProjectSection(ProjectDependencies) = postProject
		{D2B50862-C62E-468C-A4B2-E00B0C8538BF} = {D2B50862-C62E-468C-A4B2-E00B0C8538BF}
	EndProjectSection
EndProject
Project("{8BC9CEB8-8B4A-11D0-8D11-00A0C91BC942}") = "utils", "utils\utils.vcproj", "{CAB08FDA-2F6B-4927-8999-16949A89EFEB}"
	ProjectSection(ProjectDependencies) = postProject
		{D2B50862-C62E-468C-A4B2-E00B0C8538BF} = {D2B50862-C62E-468C-A4B2-E00B0C8538BF}
	EndProjectSection
EndProject
Project("{8BC9CEB8-8B4A-11D0-8D11-00A0C91BC942}") = "container", "container\container.vcproj", "{8032E066-A9E7-45A8-8F0D-BD92A9FC63E8}"
	ProjectSection(ProjectDependencies) = postProject
		{6A29CF0E-91F8-4297-BCE6-561C5A63F73A} = {6A29CF0E-91F8-4297-BCE6-561C5A63F73A}
		{5929F41C-097A-4020-94EC-9EB30E442F00} = {5929F41C-097A-4020-94EC-9EB30E442F00}
		{1D22481D-5F2A-47FF-B38B-84BC2AB572C4} = {1D22481D-5F2A-47FF-B38B-84BC2AB572C4}
		{A036842C-FFE8-454D-958E-9F3E478B4FA7} = {A036842C-FFE8-454D-958E-9F3E478B4FA7}
		{183F1E35-14D5-4019-98B2-0172A32D0A34} = {183F1E35-14D5-4019-98B2-0172A32D0A34}
		{E3452538-6D3B-42FF-BA99-647C726730BB} = {E3452538-6D3B-42FF-BA99-647C726730BB}
		{2FCE7F53-94E1-4990-BFE9-A0ED1E63F35F} = {2FCE7F53-94E1-4990-BFE9-A0ED1E63F35F}
		{D2B50862-C62E-468C-A4B2-E00B0C8538BF} = {D2B50862-C62E-468C-A4B2-E00B0C8538BF}
		{1D65E976-5C40-4C34-9854-1C137AF578A2} = {1D65E976-5C40-4C34-9854-1C137AF578A2}
		{64C6F89A-B352-4582-B474-A5C51286D4F9} = {64C6F89A-B352-4582-B474-A5C51286D4F9}
		{5BDB65E5-08BF-494B-A2D8-3F208BD10084} = {5BDB65E5-08BF-494B-A2D8-3F208BD10084}
	EndProjectSection
EndProject
Project("{8BC9CEB8-8B4A-11D0-8D11-00A0C91BC942}") = "container-test", "container-test\container-test.vcproj", "{9D3350E0-CCCD-4FA8-B716-63C25F279D7F}"
	ProjectSection(ProjectDependencies) = postProject
		{D2B50862-C62E-468C-A4B2-E00B0C8538BF} = {D2B50862-C62E-468C-A4B2-E00B0C8538BF}
		{8032E066-A9E7-45A8-8F0D-BD92A9FC63E8} = {8032E066-A9E7-45A8-8F0D-BD92A9FC63E8}
	EndProjectSection
EndProject
Project("{8BC9CEB8-8B4A-11D0-8D11-00A0C91BC942}") = "datastruct-bstree", "datastruct-bstree\datastruct-bstree.vcproj", "{64C6F89A-B352-4582-B474-A5C51286D4F9}"
	ProjectSection(ProjectDependencies) = postProject
		{E3452538-6D3B-42FF-BA99-647C726730BB} = {E3452538-6D3B-42FF-BA99-647C726730BB}
		{D2B50862-C62E-468C-A4B2-E00B0C8538BF} = {D2B50862-C62E-468C-A4B2-E00B0C8538BF}
		{CAB08FDA-2F6B-4927-8999-16949A89EFEB} = {CAB08FDA-2F6B-4927-8999-16949A89EFEB}
	EndProjectSection
EndProject
Project("{8BC9CEB8-8B4A-11D0-8D11-00A0C91BC942}") = "datastruct-critbit", "datastruct-critbit\datastruct-critbit.vcproj", "{5929F41C-097A-4020-94EC-9EB30E442F00}"
	ProjectSection(ProjectDependencies) = postProject
		{E3452538-6D3B-42FF-BA99-647C726730BB} = {E3452538-6D3B-42FF-BA99-647C726730BB}
		{D2B50862-C62E-468C-A4B2-E00B0C8538BF} = {D2B50862-C62E-468C-A4B2-E00B0C8538BF}
		{CAB08FDA-2F6B-4927-8999-16949A89EFEB} = {CAB08FDA-2F6B-4927-8999-16949A89EFEB}
	EndProjectSection
EndProject
Project("{8BC9CEB8-8B4A-11D0-8D11-00A0C91BC942}") = "datastruct-dstree", "datastruct-dstree\datastruct-dstree.vcproj", "{A036842C-FFE8-454D-958E-9F3E478B4FA7}"
	ProjectSection(ProjectDependencies) = postProject
		{E3452538-6D3B-42FF-BA99-647C726730BB} = {E3452538-6D3B-42FF-BA99-647C726730BB}
		{D2B50862-C62E-468C-A4B2-E00B0C8538BF} = {D2B50862-C62E-468C-A4B2-E00B0C8538BF}
		{CAB08FDA-2F6B-4927-8999-16949A89EFEB} = {CAB08FDA-2F6B-4927-8999-16949A89EFEB}
	EndProjectSection
EndProject
Project("{8BC9CEB8-8B4A-11D0-8D11-00A0C91BC942}") = "datastruct-hash", "datastruct-hash\datastruct-hash.vcproj", "{2FCE7F53-94E1-4990-BFE9-A0ED1E63F35F}"
	ProjectSection(ProjectDependencies) = postProject
		{E3452538-6D3B-42FF-BA99-647C726730BB} = {E3452538-6D3B-42FF-BA99-647C726730BB}
		{D2B50862-C62E-468C-A4B2-E00B0C8538BF} = {D2B50862-C62E-468C-A4B2-E00B0C8538BF}
		{CAB08FDA-2F6B-4927-8999-16949A89EFEB} = {CAB08FDA-2F6B-4927-8999-16949A89EFEB}
	EndProjectSection
EndProject
Project("{8BC9CEB8-8B4A-11D0-8D11-00A0C91BC942}") = "datastruct-trie", "datastruct-trie\datastruct-trie.vcproj", "{1D65E976-5C40-4C34-9854-1C137AF578A2}"
	ProjectSection(ProjectDependencies) = postProject
		{E3452538-6D3B-42FF-BA99-647C726730BB} = {E3452538-6D3B-42FF-BA99-647C726730BB}
		{D2B50862-C62E-468C-A4B2-E00B0C8538BF} = {D2B50862-C62E-468C-A4B2-E00B0C8538BF}
		{CAB08FDA-2F6B-4927-8999-16949A89EFEB} = {CAB08FDA-2F6B-4927-8999-16949A89EFEB}
	EndProjectSection
EndProject
Project("{8BC9CEB8-8B4A-11D0-8D11-00A0C91BC942}") = "datastruct-linkedlist", "datastruct-linkedlist\datastruct-linkedlist.vcproj", "{1D22481D-5F2A-47FF-B38B-84BC2AB572C4}"
	ProjectSection(ProjectDependencies) = postProject
		{E3452538-6D3B-42FF-BA99-647C726730BB} = {E3452538-6D3B-42FF-BA99-647C726730BB}
		{D2B50862-C62E-468C-A4B2-E00B0C8538BF} = {D2B50862-C62E-468C-A4B2-E00B0C8538BF}
		{CAB08FDA-2F6B-4927-8999-16949A89EFEB} = {CAB08FDA-2F6B-4927-8999-16949A89EFEB}
	EndProjectSection
EndProject
Project("{8BC9CEB8-8B4A-11D0-8D11-00A0C91BC942}") = "datastruct-queue", "datastruct-queue\datastruct-queue.vcproj", "{6A29CF0E-91F8-4297-BCE6-561C5A63F73A}"
	ProjectSection(ProjectDependencies) = postProject
		{E3452538-6D3B-42FF-BA99-647C726730BB} = {E3452538-6D3B-42FF-BA99-647C726730BB}
		{D2B50862-C62E-468C-A4B2-E00B0C8538BF} = {D2B50862-C62E-468C-A4B2-E00B0C8538BF}
		{CAB08FDA-2F6B-4927-8999-16949A89EFEB} = {CAB08FDA-2F6B-4927-8999-16949A89EFEB}
	EndProjectSection
EndProject
Project("{8BC9CEB8-8B4A-11D0-8D11-00A0C91BC942}") = "datastruct-orderedarray", "datastruct-orderedarray\datastruct-orderedarray.vcproj", "{5BDB65E5-08BF-494B-A2D8-3F208BD10084}"
	ProjectSection(ProjectDependencies) = postProject
		{E3452538-6D3B-42FF-BA99-647C726730BB} = {E3452538-6D3B-42FF-BA99-647C726730BB}
		{D2B50862-C62E-468C-A4B2-E00B0C8538BF} = {D2B50862-C62E-468C-A4B2-E00B0C8538BF}
		{CAB08FDA-2F6B-4927-8999-16949A89EFEB} = {CAB08FDA-2F6B-4927-8999-16949A89EFEB}
	EndProjectSection
EndProject
Project("{8BC9CEB8-8B4A-11D0-8D11-00A0C91BC942}") = "datastruct-patricia", "datastruct-patricia\datastruct-patricia.vcproj", "{183F1E35-14D5-4019-98B2-0172A32D0A34}"
	ProjectSection(ProjectDependencies) = postProject
		{E3452538-6D3B-42FF-BA99-647C726730BB} = {E3452538-6D3B-42FF-BA99-647C726730BB}
		{D2B50862-C62E-468C-A4B2-E00B0C8538BF} = {D2B50862-C62E-468C-A4B2-E00B0C8538BF}
		{CAB08FDA-2F6B-4927-8999-16949A89EFEB} = {CAB08FDA-2F6B-4927-8999-16949A89EFEB}
	EndProjectSection
EndProject
Global
	GlobalSection(SolutionConfigurationPlatforms) = preSolution
		Debug|Win32 = Debug|Win32
		Debug|x64 = Debug|x64
		Release|Win32 = Release|Win32
		Release|x64 = Release|x64
	EndGlobalSection
	GlobalSection(ProjectConfigurationPlatforms) = postSolution
		{D2B50862-C62E-468C-A4B2-E00B0C8538BF}.Debug|Win32.ActiveCfg = Debug|Win32
		{D2B50862-C62E-468C-A4B2-E00B0C8538BF}.Debug|Win32.Build.0 = Debug|Win32
		{D2B50862-C62E-468C-A4B2-E00B0C8538BF}.Debug|x64.ActiveCfg = Debug|x64
		{D2B50862-C62E-468C-A4B2-E00B0C8538BF}.Debug|x64.Build.0 = Debug|x64
		{D2B50862-C62E-468C-A4B2-E00B0C8538BF}.Release|Win32.ActiveCfg = Release|Win32
		{D2B50862-C62E-468C-A4B2-E00B0C8538BF}.Release|Win32.Build.0 = Release|Win32
		{D2B50862-C62E-468C-A4B2-E00B0C8538BF}.Release|x64.ActiveCfg = Release|x64
		{D2B50862-C62E-468C-A4B2-E00B0C8538BF}.Release|x64.Build.0 = Release|x64
		{2F8C682E-EC49-46D3-A9B5-6A3DC0CAC928}.Debug|Win32.ActiveCfg = Debug|Win32
		{2F8C682E-EC49-46D3-A9B5-6A3DC0CAC928}.Debug|Win32.Build.0 = Debug|Win32
		{2F8C682E-EC49-46D3-A9B5-6A3DC0CAC928}.Debug|x64.ActiveCfg = Debug|x64
		{2F8C682E-EC49-46D3-A9B5-6A3DC0CAC928}.Debug|x64.Build.0 = Debug|x64
		{2F8C682E-EC49-46D3-A9B5-6A3DC0CAC928}.Release|Win32.ActiveCfg = Release|Win32
		{2F8C682E-EC49-46D3-A9B5-6A3DC0CAC928}.Release|Win32.Build.0 = Release|Win32
		{2F8C682E-EC49-46D3-A9B5-6A3DC0CAC928}.Release|x64.ActiveCfg = Release|x64
		{2F8C682E-EC49-46D3-A9B5-6A3DC0CAC928}.Release|x64.Build.0 = Release|x64
		{E3452538-6D3B-42FF-BA99-647C726730BB}.Debug|Win32.ActiveCfg = Debug|Win32
		{E3452538-6D3B-42FF-BA99-647C726730BB}.Debug|Win32.Build.0 = Debug|Win32
		{E3452538-6D3B-42FF-BA99-647C726730BB}.Debug|x64.ActiveCfg = Debug|x64
		{E3452538-6D3B-42FF-BA99-647C726730BB}.Debug|x64.Build.0 = Debug|x64
		{E3452538-6D3B-42FF-BA99-647C726730BB}.Release|Win32.ActiveCfg = Release|Win32
		{E3452538-6D3B-42FF-BA99-647C726730BB}.Release|Win32.Build.0 = Release|Win32
		{E3452538-6D3B-42FF-BA99-647C726730BB}.Release|x64.ActiveCfg = Release|x64
		{E3452538-6D3B-42FF-BA99-647C726730BB}.Release|x64.Build.0 = Release|x64
		{CAB08FDA-2F6B-4927-8999-16949A89EFEB}.Debug|Win32.ActiveCfg = Debug|Win32
		{CAB08FDA-2F6B-4927-8999-16949A89EFEB}.Debug|Win32.Build.0 = Debug|Win32
		{CAB08FDA-2F6B-4927-8999-16949A89EFEB}.Debug|x64.ActiveCfg = Debug|x64
		{CAB08FDA-2F6B-4927-8999-16949A89EFEB}.Debug|x64.Build.0 = Debug|x64
		{CAB08FDA-2F6B-4927-8999-16949A89EFEB}.Release|Win32.ActiveCfg = Release|Win32
		{CAB08FDA-2F6B-4927-8999-16949A89EFEB}.Release|Win32.Build.0 = Release|Win32
		{CAB08FDA-2F6B-4927-8999-16949A89EFEB}.Release|x64.ActiveCfg = Release|x64
		{CAB08FDA-2F6B-4927-8999-16949A89EFEB}.Release|x64.Build.0 = Release|x64
		{8032E066-A9E7-45A8-8F0D-BD92A9FC63E8}.Debug|Win32.ActiveCfg = Debug|Win32
		{8032E066-A9E7-45A8-8F0D-BD92A9FC63E8}.Debug|Win32.Build.0 = Debug|Win32
		{8032E066-A9E7-45A8-8F0D-BD92A9FC63E8}.Debug|x64.ActiveCfg = Debug|x64
		{8032E066-A9E7-45A8-8F0D-BD92A9FC63E8}.Debug|x64.Build.0 = Debug|x64
		{8032E066-A9E7-45A8-8F0D-BD92A9FC63E8}.Release|Win32.ActiveCfg = Release|Win32
		{8032E066-A9E7-45A8-8F0D-BD92A9FC63E8}.Release|Win32.Build.0 = Release|Win32
		{8032E066-A9E7-45A8-8F0D-BD92A9FC63E8}.Release|x64.ActiveCfg = Release|x64
		{8032E066-A9E7-45A8-8F0D-BD92A9FC63E8}.Release|x64.Build.0 = Release|x64
		{9D3350E0-CCCD-4FA8-B716-63C25F279D7F}.Debug|Win32.ActiveCfg = Debug|Win32
		{9D3350E0-CCCD-4FA8-B716-63C25F279D7F}.Debug|Win32.Build.0 = Debug|Win32
		{9D3350E0-CCCD-4FA8-B716-63C25F279D7F}.Debug|x64.ActiveCfg = Debug|x64
		{9D3350E0-CCCD-4FA8-B716-63C25F279D7F}.Debug|x64.Build.0 = Debug|x64
		{9D3350E0-CCCD-4FA8-B716-63C25F279D7F}.Release|Win32.ActiveCfg = Release|Win32
		{9D3350E0-CCCD-4FA8-B716-63C25F279D7F}.Release|Win32.Build.0 = Release|Win32
		{9D3350E0-CCCD-4FA8-B716-63C25F279D7F}.Release|x64.ActiveCfg = Release|x64
		{9D3350E0-CCCD-4FA8-B716-63C25F279D7F}.Release|x64.Build.0 = Release|x64
		{64C6F89A-B352-4582-B474-A5C51286D4F9}.Debug|Win32.ActiveCfg = Debug|Win32
		{64C6F89A-B352-4582-B474-A5C51286D4F9}.Debug|Win32.Build.0 = Debug|Win32
		{64C6F89A-B352-4582-B474-A5C51286D4F9}.Debug|x64.ActiveCfg = Debug|x64
		{64C6F89A-B352-4582-B474-A5C51286D4F9}.Debug|x64.Build.0 = Debug|x64
		{64C6F89A-B352-4582-B474-A5C51286D4F9}.Release|Win32.ActiveCfg = Release|Win32
		{64C6F89A-B352-4582-B474-A5C51286D4F9}.Release|Win32.Build.0 = Release|Win32
		{64C6F89A-B352-4582-B474-A5C51286D4F9}.Release|x64.ActiveCfg = Release|x64
		{64C6F89A-B352-4582-B474-A5C51286D4F9}.Release|x64.Build.0 = Release|x64
		{5929F41C-097A-4020-94EC-9EB30E442F00}.Debug|Win32.ActiveCfg = Debug|Win32
		{5929F41C-097A-4020-94EC-9EB30E442F00}.Debug|Win32.Build.0 = Debug|Win32
		{5929F41C-097A-4020-94EC-9EB30E442F00}.Debug|x64.ActiveCfg = Debug|x64
		{5929F41C-097A-4020-94EC-9EB30E442F00}.Debug|x64.Build.0 = Debug|x64
		{5929F41C-097A-4020-94EC-9EB30E442F00}.Release|Win32.ActiveCfg = Release|Win32
		{5929F41C-097A-4020-94EC-9EB30E442F00}.Release|Win32.Build.0 = Release|Win32
		{5929F41C-097A-4020-94EC-9EB30E442F00}.Release|x64.ActiveCfg = Release|x64
		{5929F41C-097A-4020-94EC-9EB30E442F00}.Release|x64.Build.0 = Release|x64
		{A036842C-FFE8-454D-958E-9F3E478B4FA7}.Debug|Win32.ActiveCfg = Debug|Win32
		{A036842C-FFE8-454D-958E-9F3E478B4FA7}.Debug|Win32.Build.0 = Debug|Win32
		{A036842C-FFE8-454D-958E-9F3E478B4FA7}.Debug|x64.ActiveCfg = Debug|x64
		{A036842C-FFE8-454D-958E-9F3E478B4FA7}.Debug|x64.Build.0 = Debug|x64
		{A036842C-FFE8-454D-958E-9F3E478B4FA7}.Release|Win32.ActiveCfg = Release|Win32
		{A036842C-FFE8-454D-958E-9F3E478B4FA7}.Release|Win32.Build.0 = Release|Win32
		{A036842C-FFE8-454D-958E-9F3E478B4FA7}.Release|x64.ActiveCfg = Release|x64
		{A036842C-FFE8-454D-958E-9F3E478B4FA7}.Release|x64.Build.0 = Release|x64
		{2FCE7F53-94E1-4990-BFE9-A0ED1E63F35F}.Debug|Win32.ActiveCfg = Debug|Win32
		{2FCE7F53-94E1-4990-BFE9-A0ED1E63F35F}.Debug|Win32.Build.0 = Debug|Win32
		{2FCE7F53-94E1-4990-BFE9-A0ED1E63F35F}.Debug|x64.ActiveCfg = Debug|x64
		{2FCE7F53-94E1-4990-BFE9-A0ED1E63F35F}.Debug|x64.Build.0 = Debug|x64
		{2FCE7F53-94E1-4990-BFE9-A0ED1E63F35F}.Release|Win32.ActiveCfg = Release|Win32
		{2FCE7F53-94E1-4990-BFE9-A0ED1E63F35F}.Release|Win32.Build.0 = Release|Win32
		{2FCE7F53-94E1-4990-BFE9-A0ED1E63F35F}.Release|x64.ActiveCfg = Release|x64
		{2FCE7F53-94E1-4990-BFE9-A0ED1E63F35F}.Release|x64.Build.0 = Release|x64
		{1D65E976-5C40-4C34-9854-1C137AF578A2}.Debug|Win32.ActiveCfg = Debug|Win32
		{1D65E976-5C40-4C34-9854-1C137AF578A2}.Debug|Win32.Build.0 = Debug|Win32
		{1D65E976-5C40-4C34-9854-1C137AF578A2}.Debug|x64.ActiveCfg = Debug|x64
		{1D65E976-5C40-4C34-9854-1C137AF578A2}.Debug|x64.Build.0 = Debug|x64
		{1D65E976-5C40-4C34-9854-1C137AF578A2}.Release|Win32.ActiveCfg = Release|Win32
		{1D65E976-5C40-4C34-9854-1C137AF578A2}.Release|Win32.Build.0 = Release|Win32
		{1D65E976-5C40-4C34-9854-1C137AF578A2}.Release|x64.ActiveCfg = Release|x64
		{1D65E976-5C40-4C34-9854-1C137AF578A2}.Release|x64.Build.0 = Release|x64
		{1D22481D-5F2A-47FF-B38B-84BC2AB572C4}.Debug|Win32.ActiveCfg = Debug|Win32
		{1D22481D-5F2A-47FF-B38B-84BC2AB572C4}.Debug|Win32.Build.0 = Debug|Win32
		{1D22481D-5F2A-47FF-B38B-84BC2AB572C4}.Debug|x64.ActiveCfg = Debug|x64
		{1D22481D-5F2A-47FF-B38B-84BC2AB572C4}.Debug|x64.Build.0 = Debug|x64
		{1D22481D-5F2A-47FF-B38B-84BC2AB572C4}.Release|Win32.ActiveCfg = Release|Win32
		{1D22481D-5F2A-47FF-B38B-84BC2AB572C4}.Release|Win32.Build.0 = Release|Win32
		{1D22481D-5F2A-47FF-B38B-84BC2AB572C4}.Release|x64.ActiveCfg = Release|x64
		{1D22481D-5F2A-47FF-B38B-84BC2AB572C4}.Release|x64.Build.0 = Release|x64
		{6A29CF0E-91F8-4297-BCE6-561C5A63F73A}.Debug|Win32.ActiveCfg = Debug|Win32
		{6A29CF0E-91F8-4297-BCE6-561C5A63F73A}.Debug|Win32.Build.0 = Debug|Win32
		{6A29CF0E-91F8-4297-BCE6-561C5A63F73A}.Debug|x64.ActiveCfg = Debug|x64
		{6A29CF0E-91F8-4297-BCE6-561C5A63F73A}.Debug|x64.Build.0 = Debug|x64
		{6A29CF0E-91F8-4297-BCE6-561C5A63F73A}.Release|Win32.ActiveCfg = Release|Win32
		{6A29CF0E-91F8-4297-BCE6-561C5A63F73A}.Release|Win32.Build.0 = Release|Win32
		{6A29CF0E-91F8-4297-BCE6-561C5A63F73A}.Release|x64.ActiveCfg = Release|x64
		{6A29CF0E-91F8-4297-BCE6-561C5A63F73A}.Release|x64.Build.0 = Release|x64
		{5BDB65E5-08BF-494B-A2D8-3F208BD10084}.Debug|Win32.ActiveCfg = Debug|Win32
		{5BDB65E5-08BF-494B-A2D8-3F208BD10084}.Debug|Win32.Build.0 = Debug|Win32
		{5BDB65E5-08BF-494B-A2D8-3F208BD10084}.Debug|x64.ActiveCfg = Debug|x64
		{5BDB65E5-08BF-494B-A2D8-3F208BD10084}.Debug|x64.Build.0 = Debug|x64
		{5BDB65E5-08BF-494B-A2D8-3F208BD10084}.Release|Win32.ActiveCfg = Release|Win32
		{5BDB65E5-08BF-494B-A2D8-3F208BD10084}.Release|Win32.Build.0 = Release|Win32
		{5BDB65E5-08BF-494B-A2D8-3F208BD10084}.Release|x64.ActiveCfg = Release|x64
		{5BDB65E5-08BF-494B-A2D8-3F208BD10084}.Release|x64.Build.0 = Release|x64
		{183F1E35-14D5-4019-98B2-0172A32D0A34}.Debug|Win32.ActiveCfg = Debug|Win32
		{183F1E35-14D5-4019-98B2-0172A32D0A34}.Debug|Win32.Build.0 = Debug|Win32
		{183F1E35-14D5-4019-98B2-0172A32D0A34}.Debug|x64.ActiveCfg = Debug|x64
		{183F1E35-14D5-4019-98B2-0172A32D0A34}.Debug|x64.Build.0 = Debug|x64
		{183F1E35-14D5-4019-98B2-0172A32D0A34}.Release|Win32.ActiveCfg = Release|Win32
		{183F1E35-14D5-4019-98B2-0172A32D0A34}.Release|Win32.Build.0 = Release|Win32
		{183F1E35-14D5-4019-98B2-0172A32D0A34}.Release|x64.ActiveCfg = Release|x64
		{183F1E35-14D5-4019-98B2-0172A32D0A34}.Release|x64.Build.0 = Release|x64
	EndGlobalSection
	GlobalSection(SolutionProperties) = preSolution
		HideSolutionNode = FALSE
	EndGlobalSection
EndGlobal
